
Microsoft Visual Studio Solution File, Format Version 12.00
# Visual Studio 15
VisualStudioVersion = 15.0.27703.2042
MinimumVisualStudioVersion = 10.0.40219.1
Project("{2150E333-8FDC-42A3-9474-1A3956D46DE8}") = "Core", "Core", "{79DBFCBE-67CD-487F-B2F7-F1A88C048919}"
EndProject
Project("{2150E333-8FDC-42A3-9474-1A3956D46DE8}") = "Persistence", "Persistence", "{0078ACE3-063A-47C7-A077-DA4EFC8AA181}"
EndProject
Project("{2150E333-8FDC-42A3-9474-1A3956D46DE8}") = "DomainEvents", "DomainEvents", "{674229FE-30C5-45E9-9B7C-4DFA220EB669}"
EndProject
Project("{2150E333-8FDC-42A3-9474-1A3956D46DE8}") = "Messaging", "Messaging", "{4802E3E9-E628-490A-BE87-033AE0A624FD}"
EndProject
Project("{2150E333-8FDC-42A3-9474-1A3956D46DE8}") = "Vault", "Vault", "{B923A1AC-3BB6-4510-A108-4CE5562B275D}"
EndProject
Project("{2150E333-8FDC-42A3-9474-1A3956D46DE8}") = "ReferenceData", "ReferenceData", "{08D93BF1-4C8C-4D45-882D-CB0EFF0C7E80}"
EndProject
Project("{2150E333-8FDC-42A3-9474-1A3956D46DE8}") = "Authorisation", "Authorisation", "{85C5CE01-A1F7-483F-90AE-E330DC948D0A}"
EndProject
Project("{2150E333-8FDC-42A3-9474-1A3956D46DE8}") = "Configuration", "Configuration", "{1B191D18-8BCE-41EB-B041-71FC1916C9A3}"
EndProject
Project("{2150E333-8FDC-42A3-9474-1A3956D46DE8}") = "Libs", "Libs", "{C2064FDE-63BC-466D-AFF8-9C9069F40140}"
EndProject
Project("{2150E333-8FDC-42A3-9474-1A3956D46DE8}") = "Apps", "Apps", "{19F3C33C-9987-41CF-9A21-BFCFA8B1B2E8}"
EndProject
Project("{2150E333-8FDC-42A3-9474-1A3956D46DE8}") = "Authentication", "Authentication", "{2788AEE3-5762-4466-AE23-6393348EC4E7}"
EndProject
Project("{2150E333-8FDC-42A3-9474-1A3956D46DE8}") = "Gateway", "Gateway", "{AC51BEF3-E8B5-4FCB-BF84-69DDAE4122CA}"
EndProject
Project("{2150E333-8FDC-42A3-9474-1A3956D46DE8}") = "Notifications", "Notifications", "{36920CCF-3B31-459C-9733-BF508A510E8A}"
EndProject
Project("{2150E333-8FDC-42A3-9474-1A3956D46DE8}") = "Vault", "Vault", "{8DB3A817-2D9D-4277-80EB-958A55463D6B}"
EndProject
Project("{FAE04EC0-301F-11D3-BF4B-00C04F79EFBC}") = "Authentication.Api", "PaladinRogue.DotNet.Apps.Authentication\Authentication.Api\Authentication.Api.csproj", "{A4002D1F-F7AB-456F-A286-F0464D969FB8}"
EndProject
Project("{FAE04EC0-301F-11D3-BF4B-00C04F79EFBC}") = "Core.Api", "PaladinRogue.DotNet.Libs\Core\Core.Api\Core.Api.csproj", "{448A7467-C4A3-491F-8776-98929BA5CC4D}"
EndProject
Project("{FAE04EC0-301F-11D3-BF4B-00C04F79EFBC}") = "Core.Api.Formats", "PaladinRogue.DotNet.Libs\Core\Core.Api.Formats\Core.Api.Formats.csproj", "{6A02DD50-1F63-4999-9756-73CBC9EC00E1}"
EndProject
Project("{FAE04EC0-301F-11D3-BF4B-00C04F79EFBC}") = "Core.Application", "PaladinRogue.DotNet.Libs\Core\Core.Application\Core.Application.csproj", "{533996AA-7162-409E-A0B7-A510AA97CED7}"
EndProject
Project("{FAE04EC0-301F-11D3-BF4B-00C04F79EFBC}") = "Core.Common", "PaladinRogue.DotNet.Libs\Core\Core.Common\Core.Common.csproj", "{864EF5A5-EADE-4153-8BC0-CA99F6C1025A}"
EndProject
Project("{FAE04EC0-301F-11D3-BF4B-00C04F79EFBC}") = "Core.Domain", "PaladinRogue.DotNet.Libs\Core\Core.Domain\Core.Domain.csproj", "{83205DE1-082B-46A6-A43A-C7425053895D}"
EndProject
Project("{FAE04EC0-301F-11D3-BF4B-00C04F79EFBC}") = "Core.Setup", "PaladinRogue.DotNet.Libs\Core\Core.Setup\Core.Setup.csproj", "{86235ADD-8C4A-4BBF-BE64-1C00E49062B0}"
EndProject
Project("{FAE04EC0-301F-11D3-BF4B-00C04F79EFBC}") = "Configuration.Secrets", "PaladinRogue.DotNet.Libs\Configuration\Configuration.Secrets\Configuration.Secrets.csproj", "{573CF4BB-4A32-4E7A-AE71-93FB490CF152}"
EndProject
Project("{FAE04EC0-301F-11D3-BF4B-00C04F79EFBC}") = "DomainEvents.Setup", "PaladinRogue.DotNet.Libs\DomainEvents\DomainEvents.Setup\DomainEvents.Setup.csproj", "{728F8002-4047-4457-A2DC-2377C2119BDD}"
EndProject
Project("{FAE04EC0-301F-11D3-BF4B-00C04F79EFBC}") = "DomainEvents.Broker", "PaladinRogue.DotNet.Libs\DomainEvents\DomainEvents.Broker\DomainEvents.Broker.csproj", "{4C82906A-C96F-4BAE-9400-CB7234614191}"
EndProject
Project("{FAE04EC0-301F-11D3-BF4B-00C04F79EFBC}") = "Messaging.Setup", "PaladinRogue.DotNet.Libs\Messaging\Messaging.Setup\Messaging.Setup.csproj", "{FA88DF31-22FF-4346-8375-0966D2003ECD}"
EndProject
Project("{FAE04EC0-301F-11D3-BF4B-00C04F79EFBC}") = "Messaging.RabbitMQ", "PaladinRogue.DotNet.Libs\Messaging\Messaging.RabbitMQ\Messaging.RabbitMQ.csproj", "{96C9EF8A-4696-4587-85A0-E593B2A281F1}"
EndProject
Project("{FAE04EC0-301F-11D3-BF4B-00C04F79EFBC}") = "Messaging.Messages", "PaladinRogue.DotNet.Libs\Messaging\Messaging.Messages\Messaging.Messages.csproj", "{F28C3B66-CE87-4532-920C-CD8E82878303}"
EndProject
Project("{FAE04EC0-301F-11D3-BF4B-00C04F79EFBC}") = "Messaging.Common", "PaladinRogue.DotNet.Libs\Messaging\Messaging.Common\Messaging.Common.csproj", "{C2594B55-F152-4461-A5E7-4B5975E30D33}"
EndProject
Project("{FAE04EC0-301F-11D3-BF4B-00C04F79EFBC}") = "Authorisation.Application", "PaladinRogue.DotNet.Libs\Authorisation\Authorisation.Application\Authorisation.Application.csproj", "{E12B26DC-0A26-4B4A-86CA-B1CA954D0836}"
EndProject
Project("{FAE04EC0-301F-11D3-BF4B-00C04F79EFBC}") = "Authorisation.Common", "PaladinRogue.DotNet.Libs\Authorisation\Authorisation.Common\Authorisation.Common.csproj", "{15773F0A-3A95-43E3-99D3-C3F9A3A1141A}"
EndProject
Project("{FAE04EC0-301F-11D3-BF4B-00C04F79EFBC}") = "Authorisation.Setup", "PaladinRogue.DotNet.Libs\Authorisation\Authorisation.Setup\Authorisation.Setup.csproj", "{FBCC1679-C6F0-4CD1-B99E-DC411A9011D0}"
EndProject
Project("{FAE04EC0-301F-11D3-BF4B-00C04F79EFBC}") = "Persistence.EntityFramework", "PaladinRogue.DotNet.Libs\Persistence\Persistence.EntityFramework\Persistence.EntityFramework.csproj", "{239BE5B6-B227-4B2E-9554-5BB87A61E4FF}"
EndProject
Project("{FAE04EC0-301F-11D3-BF4B-00C04F79EFBC}") = "Persistence.Setup", "PaladinRogue.DotNet.Libs\Persistence\Persistence.Setup\Persistence.Setup.csproj", "{4AFC7AB3-A201-47D7-92CB-84F975D3FEDE}"
EndProject
Project("{FAE04EC0-301F-11D3-BF4B-00C04F79EFBC}") = "ReferenceData.Application", "PaladinRogue.DotNet.Libs\ReferenceData\ReferenceData.Application\ReferenceData.Application.csproj", "{F9E05276-8DFB-46DC-90E0-C38B434BFDC7}"
EndProject
Project("{FAE04EC0-301F-11D3-BF4B-00C04F79EFBC}") = "ReferenceData.Domain", "PaladinRogue.DotNet.Libs\ReferenceData\ReferenceData.Domain\ReferenceData.Domain.csproj", "{132C3629-F111-4FD8-AFAD-6D96D2185790}"
EndProject
Project("{FAE04EC0-301F-11D3-BF4B-00C04F79EFBC}") = "ReferenceData.Persistence", "PaladinRogue.DotNet.Libs\ReferenceData\ReferenceData.Persistence\ReferenceData.Persistence.csproj", "{AA59BCB8-269B-408D-A5A5-A48EE9899393}"
EndProject
Project("{FAE04EC0-301F-11D3-BF4B-00C04F79EFBC}") = "ReferenceData.Setup", "PaladinRogue.DotNet.Libs\ReferenceData\ReferenceData.Setup\ReferenceData.Setup.csproj", "{D20B920E-3740-4AB9-AADB-8FA8B98C80E5}"
EndProject
Project("{FAE04EC0-301F-11D3-BF4B-00C04F79EFBC}") = "Library.Vault.Application", "PaladinRogue.DotNet.Libs\Vault\Library.Vault.Application\Library.Vault.Application.csproj", "{43C517DE-EA05-4AC0-9FDE-84B3AB0EA8C7}"
EndProject
Project("{FAE04EC0-301F-11D3-BF4B-00C04F79EFBC}") = "Library.Vault.Persistence", "PaladinRogue.DotNet.Libs\Vault\Library.Vault.Persistence\Library.Vault.Persistence.csproj", "{9B15B8D3-C096-47D0-80E7-84948D3AA466}"
EndProject
Project("{FAE04EC0-301F-11D3-BF4B-00C04F79EFBC}") = "Library.Vault.Setup", "PaladinRogue.DotNet.Libs\Vault\Library.Vault.Setup\Library.Vault.Setup.csproj", "{923B1842-66E3-4B3C-9AA1-44C6B4FB883D}"
EndProject
Project("{FAE04EC0-301F-11D3-BF4B-00C04F79EFBC}") = "Authentication.Application", "PaladinRogue.DotNet.Apps.Authentication\Authentication.Application\Authentication.Application.csproj", "{CBE7D936-AF80-4DAB-95EA-D18772B556E3}"
EndProject
Project("{FAE04EC0-301F-11D3-BF4B-00C04F79EFBC}") = "Authentication.Domain", "PaladinRogue.DotNet.Apps.Authentication\Authentication.Domain\Authentication.Domain.csproj", "{1A315E8C-3ACE-4E05-9003-9B1332F36B92}"
EndProject
Project("{FAE04EC0-301F-11D3-BF4B-00C04F79EFBC}") = "Authentication.Messages", "PaladinRogue.DotNet.Apps.Authentication\Authentication.Messages\Authentication.Messages.csproj", "{09BDC90C-CFF5-4EF2-8976-C9D837139CB5}"
EndProject
Project("{FAE04EC0-301F-11D3-BF4B-00C04F79EFBC}") = "Authentication.Persistence", "PaladinRogue.DotNet.Apps.Authentication\Authentication.Persistence\Authentication.Persistence.csproj", "{BCBA28E0-0D7B-4D8A-AF19-A5F0D204AF02}"
EndProject
Project("{FAE04EC0-301F-11D3-BF4B-00C04F79EFBC}") = "Authentication.Setup", "PaladinRogue.DotNet.Apps.Authentication\Authentication.Setup\Authentication.Setup.csproj", "{BDFE6C61-D9B8-4EB4-8CEA-21BD6F860C3B}"
EndProject
Project("{FAE04EC0-301F-11D3-BF4B-00C04F79EFBC}") = "Vault.Api", "PaladinRogue.DotNet.Apps.Vault\Vault.Api\Vault.Api.csproj", "{14211559-833A-4B34-B8D8-74707E2EB6DC}"
EndProject
Project("{FAE04EC0-301F-11D3-BF4B-00C04F79EFBC}") = "Vault.Application", "PaladinRogue.DotNet.Apps.Vault\Vault.Application\Vault.Application.csproj", "{FC09C0DB-D137-43AF-9527-B2AD1FD8418A}"
EndProject
Project("{FAE04EC0-301F-11D3-BF4B-00C04F79EFBC}") = "Vault.Setup", "PaladinRogue.DotNet.Apps.Vault\Vault.Setup\Vault.Setup.csproj", "{AA0A3C04-04E4-4B30-8381-A7F5AAB59C7B}"
EndProject
Project("{FAE04EC0-301F-11D3-BF4B-00C04F79EFBC}") = "Notifications.Api", "PaladinRogue.DotNet.Apps.Notifications\Notifications.Api\Notifications.Api.csproj", "{1FC95694-5D9F-472A-A844-8287FF880D67}"
EndProject
Project("{FAE04EC0-301F-11D3-BF4B-00C04F79EFBC}") = "Notifications.Application", "PaladinRogue.DotNet.Apps.Notifications\Notifications.Application\Notifications.Application.csproj", "{D1BBBE57-CE2A-47C8-839F-1250BC301DCE}"
EndProject
Project("{FAE04EC0-301F-11D3-BF4B-00C04F79EFBC}") = "Notifications.Setup", "PaladinRogue.DotNet.Apps.Notifications\Notifications.Setup\Notifications.Setup.csproj", "{A9C4876C-A8AF-4CF1-9575-434CE8DDD2D6}"
EndProject
Project("{FAE04EC0-301F-11D3-BF4B-00C04F79EFBC}") = "Notifications.Messages", "PaladinRogue.DotNet.Apps.Notifications\Notifications.Messages\Notifications.Messages.csproj", "{62BB73B9-6763-4AEA-B65F-5E7964413F11}"
EndProject
Project("{FAE04EC0-301F-11D3-BF4B-00C04F79EFBC}") = "Gateway.Api", "PaladinRogue.DotNet.Apps.Gateway\Gateway.Api\Gateway.Api.csproj", "{B8B4D963-F2AD-437F-85C5-C169214B0D38}"
EndProject
Project("{FAE04EC0-301F-11D3-BF4B-00C04F79EFBC}") = "Gateway.Application", "PaladinRogue.DotNet.Apps.Gateway\Gateway.Application\Gateway.Application.csproj", "{131A675B-63A9-453B-9BAB-9C3A4E871242}"
EndProject
Project("{FAE04EC0-301F-11D3-BF4B-00C04F79EFBC}") = "Gateway.Domain", "PaladinRogue.DotNet.Apps.Gateway\Gateway.Domain\Gateway.Domain.csproj", "{A291047D-E491-44FF-B727-4F38F6C5681D}"
EndProject
Project("{FAE04EC0-301F-11D3-BF4B-00C04F79EFBC}") = "Gateway.Messages", "PaladinRogue.DotNet.Apps.Gateway\Gateway.Messages\Gateway.Messages.csproj", "{67A73DF7-94D5-4EED-BD7E-0677780FE402}"
EndProject
Project("{FAE04EC0-301F-11D3-BF4B-00C04F79EFBC}") = "Gateway.Persistence", "PaladinRogue.DotNet.Apps.Gateway\Gateway.Persistence\Gateway.Persistence.csproj", "{121A667F-49F3-4630-AA47-5F3D55C587EE}"
EndProject
Project("{FAE04EC0-301F-11D3-BF4B-00C04F79EFBC}") = "Gateway.Setup", "PaladinRogue.DotNet.Apps.Gateway\Gateway.Setup\Gateway.Setup.csproj", "{8B324F45-CE6F-42CB-83D8-402E6E9B2E56}"
EndProject
Project("{FAE04EC0-301F-11D3-BF4B-00C04F79EFBC}") = "Library.Vault.Domain", "PaladinRogue.DotNet.Libs\Vault\Library.Vault.Domain\Library.Vault.Domain.csproj", "{0C82F83C-5528-4016-B9C1-49407DE87E17}"
EndProject
Global
	GlobalSection(SolutionConfigurationPlatforms) = preSolution
		Debug|Any CPU = Debug|Any CPU
		Release|Any CPU = Release|Any CPU
	EndGlobalSection
	GlobalSection(ProjectConfigurationPlatforms) = postSolution
		{A4002D1F-F7AB-456F-A286-F0464D969FB8}.Debug|Any CPU.ActiveCfg = Debug|Any CPU
		{A4002D1F-F7AB-456F-A286-F0464D969FB8}.Debug|Any CPU.Build.0 = Debug|Any CPU
		{A4002D1F-F7AB-456F-A286-F0464D969FB8}.Release|Any CPU.ActiveCfg = Release|Any CPU
		{A4002D1F-F7AB-456F-A286-F0464D969FB8}.Release|Any CPU.Build.0 = Release|Any CPU
		{448A7467-C4A3-491F-8776-98929BA5CC4D}.Debug|Any CPU.ActiveCfg = Debug|Any CPU
		{448A7467-C4A3-491F-8776-98929BA5CC4D}.Debug|Any CPU.Build.0 = Debug|Any CPU
		{448A7467-C4A3-491F-8776-98929BA5CC4D}.Release|Any CPU.ActiveCfg = Release|Any CPU
		{448A7467-C4A3-491F-8776-98929BA5CC4D}.Release|Any CPU.Build.0 = Release|Any CPU
		{6A02DD50-1F63-4999-9756-73CBC9EC00E1}.Debug|Any CPU.ActiveCfg = Debug|Any CPU
		{6A02DD50-1F63-4999-9756-73CBC9EC00E1}.Debug|Any CPU.Build.0 = Debug|Any CPU
		{6A02DD50-1F63-4999-9756-73CBC9EC00E1}.Release|Any CPU.ActiveCfg = Release|Any CPU
		{6A02DD50-1F63-4999-9756-73CBC9EC00E1}.Release|Any CPU.Build.0 = Release|Any CPU
		{533996AA-7162-409E-A0B7-A510AA97CED7}.Debug|Any CPU.ActiveCfg = Debug|Any CPU
		{533996AA-7162-409E-A0B7-A510AA97CED7}.Debug|Any CPU.Build.0 = Debug|Any CPU
		{533996AA-7162-409E-A0B7-A510AA97CED7}.Release|Any CPU.ActiveCfg = Release|Any CPU
		{533996AA-7162-409E-A0B7-A510AA97CED7}.Release|Any CPU.Build.0 = Release|Any CPU
		{864EF5A5-EADE-4153-8BC0-CA99F6C1025A}.Debug|Any CPU.ActiveCfg = Debug|Any CPU
		{864EF5A5-EADE-4153-8BC0-CA99F6C1025A}.Debug|Any CPU.Build.0 = Debug|Any CPU
		{864EF5A5-EADE-4153-8BC0-CA99F6C1025A}.Release|Any CPU.ActiveCfg = Release|Any CPU
		{864EF5A5-EADE-4153-8BC0-CA99F6C1025A}.Release|Any CPU.Build.0 = Release|Any CPU
		{83205DE1-082B-46A6-A43A-C7425053895D}.Debug|Any CPU.ActiveCfg = Debug|Any CPU
		{83205DE1-082B-46A6-A43A-C7425053895D}.Debug|Any CPU.Build.0 = Debug|Any CPU
		{83205DE1-082B-46A6-A43A-C7425053895D}.Release|Any CPU.ActiveCfg = Release|Any CPU
		{83205DE1-082B-46A6-A43A-C7425053895D}.Release|Any CPU.Build.0 = Release|Any CPU
		{86235ADD-8C4A-4BBF-BE64-1C00E49062B0}.Debug|Any CPU.ActiveCfg = Debug|Any CPU
		{86235ADD-8C4A-4BBF-BE64-1C00E49062B0}.Debug|Any CPU.Build.0 = Debug|Any CPU
		{86235ADD-8C4A-4BBF-BE64-1C00E49062B0}.Release|Any CPU.ActiveCfg = Release|Any CPU
		{86235ADD-8C4A-4BBF-BE64-1C00E49062B0}.Release|Any CPU.Build.0 = Release|Any CPU
		{573CF4BB-4A32-4E7A-AE71-93FB490CF152}.Debug|Any CPU.ActiveCfg = Debug|Any CPU
		{573CF4BB-4A32-4E7A-AE71-93FB490CF152}.Debug|Any CPU.Build.0 = Debug|Any CPU
		{573CF4BB-4A32-4E7A-AE71-93FB490CF152}.Release|Any CPU.ActiveCfg = Release|Any CPU
		{573CF4BB-4A32-4E7A-AE71-93FB490CF152}.Release|Any CPU.Build.0 = Release|Any CPU
		{728F8002-4047-4457-A2DC-2377C2119BDD}.Debug|Any CPU.ActiveCfg = Debug|Any CPU
		{728F8002-4047-4457-A2DC-2377C2119BDD}.Debug|Any CPU.Build.0 = Debug|Any CPU
		{728F8002-4047-4457-A2DC-2377C2119BDD}.Release|Any CPU.ActiveCfg = Release|Any CPU
		{728F8002-4047-4457-A2DC-2377C2119BDD}.Release|Any CPU.Build.0 = Release|Any CPU
		{4C82906A-C96F-4BAE-9400-CB7234614191}.Debug|Any CPU.ActiveCfg = Debug|Any CPU
		{4C82906A-C96F-4BAE-9400-CB7234614191}.Debug|Any CPU.Build.0 = Debug|Any CPU
		{4C82906A-C96F-4BAE-9400-CB7234614191}.Release|Any CPU.ActiveCfg = Release|Any CPU
		{4C82906A-C96F-4BAE-9400-CB7234614191}.Release|Any CPU.Build.0 = Release|Any CPU
		{FA88DF31-22FF-4346-8375-0966D2003ECD}.Debug|Any CPU.ActiveCfg = Debug|Any CPU
		{FA88DF31-22FF-4346-8375-0966D2003ECD}.Debug|Any CPU.Build.0 = Debug|Any CPU
		{FA88DF31-22FF-4346-8375-0966D2003ECD}.Release|Any CPU.ActiveCfg = Release|Any CPU
		{FA88DF31-22FF-4346-8375-0966D2003ECD}.Release|Any CPU.Build.0 = Release|Any CPU
		{96C9EF8A-4696-4587-85A0-E593B2A281F1}.Debug|Any CPU.ActiveCfg = Debug|Any CPU
		{96C9EF8A-4696-4587-85A0-E593B2A281F1}.Debug|Any CPU.Build.0 = Debug|Any CPU
		{96C9EF8A-4696-4587-85A0-E593B2A281F1}.Release|Any CPU.ActiveCfg = Release|Any CPU
		{96C9EF8A-4696-4587-85A0-E593B2A281F1}.Release|Any CPU.Build.0 = Release|Any CPU
		{F28C3B66-CE87-4532-920C-CD8E82878303}.Debug|Any CPU.ActiveCfg = Debug|Any CPU
		{F28C3B66-CE87-4532-920C-CD8E82878303}.Debug|Any CPU.Build.0 = Debug|Any CPU
		{F28C3B66-CE87-4532-920C-CD8E82878303}.Release|Any CPU.ActiveCfg = Release|Any CPU
		{F28C3B66-CE87-4532-920C-CD8E82878303}.Release|Any CPU.Build.0 = Release|Any CPU
		{C2594B55-F152-4461-A5E7-4B5975E30D33}.Debug|Any CPU.ActiveCfg = Debug|Any CPU
		{C2594B55-F152-4461-A5E7-4B5975E30D33}.Debug|Any CPU.Build.0 = Debug|Any CPU
		{C2594B55-F152-4461-A5E7-4B5975E30D33}.Release|Any CPU.ActiveCfg = Release|Any CPU
		{C2594B55-F152-4461-A5E7-4B5975E30D33}.Release|Any CPU.Build.0 = Release|Any CPU
		{E12B26DC-0A26-4B4A-86CA-B1CA954D0836}.Debug|Any CPU.ActiveCfg = Debug|Any CPU
		{E12B26DC-0A26-4B4A-86CA-B1CA954D0836}.Debug|Any CPU.Build.0 = Debug|Any CPU
		{E12B26DC-0A26-4B4A-86CA-B1CA954D0836}.Release|Any CPU.ActiveCfg = Release|Any CPU
		{E12B26DC-0A26-4B4A-86CA-B1CA954D0836}.Release|Any CPU.Build.0 = Release|Any CPU
		{15773F0A-3A95-43E3-99D3-C3F9A3A1141A}.Debug|Any CPU.ActiveCfg = Debug|Any CPU
		{15773F0A-3A95-43E3-99D3-C3F9A3A1141A}.Debug|Any CPU.Build.0 = Debug|Any CPU
		{15773F0A-3A95-43E3-99D3-C3F9A3A1141A}.Release|Any CPU.ActiveCfg = Release|Any CPU
		{15773F0A-3A95-43E3-99D3-C3F9A3A1141A}.Release|Any CPU.Build.0 = Release|Any CPU
		{FBCC1679-C6F0-4CD1-B99E-DC411A9011D0}.Debug|Any CPU.ActiveCfg = Debug|Any CPU
		{FBCC1679-C6F0-4CD1-B99E-DC411A9011D0}.Debug|Any CPU.Build.0 = Debug|Any CPU
		{FBCC1679-C6F0-4CD1-B99E-DC411A9011D0}.Release|Any CPU.ActiveCfg = Release|Any CPU
		{FBCC1679-C6F0-4CD1-B99E-DC411A9011D0}.Release|Any CPU.Build.0 = Release|Any CPU
		{239BE5B6-B227-4B2E-9554-5BB87A61E4FF}.Debug|Any CPU.ActiveCfg = Debug|Any CPU
		{239BE5B6-B227-4B2E-9554-5BB87A61E4FF}.Debug|Any CPU.Build.0 = Debug|Any CPU
		{239BE5B6-B227-4B2E-9554-5BB87A61E4FF}.Release|Any CPU.ActiveCfg = Release|Any CPU
		{239BE5B6-B227-4B2E-9554-5BB87A61E4FF}.Release|Any CPU.Build.0 = Release|Any CPU
		{4AFC7AB3-A201-47D7-92CB-84F975D3FEDE}.Debug|Any CPU.ActiveCfg = Debug|Any CPU
		{4AFC7AB3-A201-47D7-92CB-84F975D3FEDE}.Debug|Any CPU.Build.0 = Debug|Any CPU
		{4AFC7AB3-A201-47D7-92CB-84F975D3FEDE}.Release|Any CPU.ActiveCfg = Release|Any CPU
		{4AFC7AB3-A201-47D7-92CB-84F975D3FEDE}.Release|Any CPU.Build.0 = Release|Any CPU
		{F9E05276-8DFB-46DC-90E0-C38B434BFDC7}.Debug|Any CPU.ActiveCfg = Debug|Any CPU
		{F9E05276-8DFB-46DC-90E0-C38B434BFDC7}.Debug|Any CPU.Build.0 = Debug|Any CPU
		{F9E05276-8DFB-46DC-90E0-C38B434BFDC7}.Release|Any CPU.ActiveCfg = Release|Any CPU
		{F9E05276-8DFB-46DC-90E0-C38B434BFDC7}.Release|Any CPU.Build.0 = Release|Any CPU
		{132C3629-F111-4FD8-AFAD-6D96D2185790}.Debug|Any CPU.ActiveCfg = Debug|Any CPU
		{132C3629-F111-4FD8-AFAD-6D96D2185790}.Debug|Any CPU.Build.0 = Debug|Any CPU
		{132C3629-F111-4FD8-AFAD-6D96D2185790}.Release|Any CPU.ActiveCfg = Release|Any CPU
		{132C3629-F111-4FD8-AFAD-6D96D2185790}.Release|Any CPU.Build.0 = Release|Any CPU
		{AA59BCB8-269B-408D-A5A5-A48EE9899393}.Debug|Any CPU.ActiveCfg = Debug|Any CPU
		{AA59BCB8-269B-408D-A5A5-A48EE9899393}.Debug|Any CPU.Build.0 = Debug|Any CPU
		{AA59BCB8-269B-408D-A5A5-A48EE9899393}.Release|Any CPU.ActiveCfg = Release|Any CPU
		{AA59BCB8-269B-408D-A5A5-A48EE9899393}.Release|Any CPU.Build.0 = Release|Any CPU
		{D20B920E-3740-4AB9-AADB-8FA8B98C80E5}.Debug|Any CPU.ActiveCfg = Debug|Any CPU
		{D20B920E-3740-4AB9-AADB-8FA8B98C80E5}.Debug|Any CPU.Build.0 = Debug|Any CPU
		{D20B920E-3740-4AB9-AADB-8FA8B98C80E5}.Release|Any CPU.ActiveCfg = Release|Any CPU
		{D20B920E-3740-4AB9-AADB-8FA8B98C80E5}.Release|Any CPU.Build.0 = Release|Any CPU
		{43C517DE-EA05-4AC0-9FDE-84B3AB0EA8C7}.Debug|Any CPU.ActiveCfg = Debug|Any CPU
		{43C517DE-EA05-4AC0-9FDE-84B3AB0EA8C7}.Debug|Any CPU.Build.0 = Debug|Any CPU
		{43C517DE-EA05-4AC0-9FDE-84B3AB0EA8C7}.Release|Any CPU.ActiveCfg = Release|Any CPU
		{43C517DE-EA05-4AC0-9FDE-84B3AB0EA8C7}.Release|Any CPU.Build.0 = Release|Any CPU
		{9B15B8D3-C096-47D0-80E7-84948D3AA466}.Debug|Any CPU.ActiveCfg = Debug|Any CPU
		{9B15B8D3-C096-47D0-80E7-84948D3AA466}.Debug|Any CPU.Build.0 = Debug|Any CPU
		{9B15B8D3-C096-47D0-80E7-84948D3AA466}.Release|Any CPU.ActiveCfg = Release|Any CPU
		{9B15B8D3-C096-47D0-80E7-84948D3AA466}.Release|Any CPU.Build.0 = Release|Any CPU
		{923B1842-66E3-4B3C-9AA1-44C6B4FB883D}.Debug|Any CPU.ActiveCfg = Debug|Any CPU
		{923B1842-66E3-4B3C-9AA1-44C6B4FB883D}.Debug|Any CPU.Build.0 = Debug|Any CPU
		{923B1842-66E3-4B3C-9AA1-44C6B4FB883D}.Release|Any CPU.ActiveCfg = Release|Any CPU
		{923B1842-66E3-4B3C-9AA1-44C6B4FB883D}.Release|Any CPU.Build.0 = Release|Any CPU
		{CBE7D936-AF80-4DAB-95EA-D18772B556E3}.Debug|Any CPU.ActiveCfg = Debug|Any CPU
		{CBE7D936-AF80-4DAB-95EA-D18772B556E3}.Debug|Any CPU.Build.0 = Debug|Any CPU
		{CBE7D936-AF80-4DAB-95EA-D18772B556E3}.Release|Any CPU.ActiveCfg = Release|Any CPU
		{CBE7D936-AF80-4DAB-95EA-D18772B556E3}.Release|Any CPU.Build.0 = Release|Any CPU
		{1A315E8C-3ACE-4E05-9003-9B1332F36B92}.Debug|Any CPU.ActiveCfg = Debug|Any CPU
		{1A315E8C-3ACE-4E05-9003-9B1332F36B92}.Debug|Any CPU.Build.0 = Debug|Any CPU
		{1A315E8C-3ACE-4E05-9003-9B1332F36B92}.Release|Any CPU.ActiveCfg = Release|Any CPU
		{1A315E8C-3ACE-4E05-9003-9B1332F36B92}.Release|Any CPU.Build.0 = Release|Any CPU
		{09BDC90C-CFF5-4EF2-8976-C9D837139CB5}.Debug|Any CPU.ActiveCfg = Debug|Any CPU
		{09BDC90C-CFF5-4EF2-8976-C9D837139CB5}.Debug|Any CPU.Build.0 = Debug|Any CPU
		{09BDC90C-CFF5-4EF2-8976-C9D837139CB5}.Release|Any CPU.ActiveCfg = Release|Any CPU
		{09BDC90C-CFF5-4EF2-8976-C9D837139CB5}.Release|Any CPU.Build.0 = Release|Any CPU
		{BCBA28E0-0D7B-4D8A-AF19-A5F0D204AF02}.Debug|Any CPU.ActiveCfg = Debug|Any CPU
		{BCBA28E0-0D7B-4D8A-AF19-A5F0D204AF02}.Debug|Any CPU.Build.0 = Debug|Any CPU
		{BCBA28E0-0D7B-4D8A-AF19-A5F0D204AF02}.Release|Any CPU.ActiveCfg = Release|Any CPU
		{BCBA28E0-0D7B-4D8A-AF19-A5F0D204AF02}.Release|Any CPU.Build.0 = Release|Any CPU
		{BDFE6C61-D9B8-4EB4-8CEA-21BD6F860C3B}.Debug|Any CPU.ActiveCfg = Debug|Any CPU
		{BDFE6C61-D9B8-4EB4-8CEA-21BD6F860C3B}.Debug|Any CPU.Build.0 = Debug|Any CPU
		{BDFE6C61-D9B8-4EB4-8CEA-21BD6F860C3B}.Release|Any CPU.ActiveCfg = Release|Any CPU
		{BDFE6C61-D9B8-4EB4-8CEA-21BD6F860C3B}.Release|Any CPU.Build.0 = Release|Any CPU
		{14211559-833A-4B34-B8D8-74707E2EB6DC}.Debug|Any CPU.ActiveCfg = Debug|Any CPU
		{14211559-833A-4B34-B8D8-74707E2EB6DC}.Debug|Any CPU.Build.0 = Debug|Any CPU
		{14211559-833A-4B34-B8D8-74707E2EB6DC}.Release|Any CPU.ActiveCfg = Release|Any CPU
		{14211559-833A-4B34-B8D8-74707E2EB6DC}.Release|Any CPU.Build.0 = Release|Any CPU
		{FC09C0DB-D137-43AF-9527-B2AD1FD8418A}.Debug|Any CPU.ActiveCfg = Debug|Any CPU
		{FC09C0DB-D137-43AF-9527-B2AD1FD8418A}.Debug|Any CPU.Build.0 = Debug|Any CPU
		{FC09C0DB-D137-43AF-9527-B2AD1FD8418A}.Release|Any CPU.ActiveCfg = Release|Any CPU
		{FC09C0DB-D137-43AF-9527-B2AD1FD8418A}.Release|Any CPU.Build.0 = Release|Any CPU
		{AA0A3C04-04E4-4B30-8381-A7F5AAB59C7B}.Debug|Any CPU.ActiveCfg = Debug|Any CPU
		{AA0A3C04-04E4-4B30-8381-A7F5AAB59C7B}.Debug|Any CPU.Build.0 = Debug|Any CPU
		{AA0A3C04-04E4-4B30-8381-A7F5AAB59C7B}.Release|Any CPU.ActiveCfg = Release|Any CPU
		{AA0A3C04-04E4-4B30-8381-A7F5AAB59C7B}.Release|Any CPU.Build.0 = Release|Any CPU
		{1FC95694-5D9F-472A-A844-8287FF880D67}.Debug|Any CPU.ActiveCfg = Debug|Any CPU
		{1FC95694-5D9F-472A-A844-8287FF880D67}.Debug|Any CPU.Build.0 = Debug|Any CPU
		{1FC95694-5D9F-472A-A844-8287FF880D67}.Release|Any CPU.ActiveCfg = Release|Any CPU
		{1FC95694-5D9F-472A-A844-8287FF880D67}.Release|Any CPU.Build.0 = Release|Any CPU
		{D1BBBE57-CE2A-47C8-839F-1250BC301DCE}.Debug|Any CPU.ActiveCfg = Debug|Any CPU
		{D1BBBE57-CE2A-47C8-839F-1250BC301DCE}.Debug|Any CPU.Build.0 = Debug|Any CPU
		{D1BBBE57-CE2A-47C8-839F-1250BC301DCE}.Release|Any CPU.ActiveCfg = Release|Any CPU
		{D1BBBE57-CE2A-47C8-839F-1250BC301DCE}.Release|Any CPU.Build.0 = Release|Any CPU
		{A9C4876C-A8AF-4CF1-9575-434CE8DDD2D6}.Debug|Any CPU.ActiveCfg = Debug|Any CPU
		{A9C4876C-A8AF-4CF1-9575-434CE8DDD2D6}.Debug|Any CPU.Build.0 = Debug|Any CPU
		{A9C4876C-A8AF-4CF1-9575-434CE8DDD2D6}.Release|Any CPU.ActiveCfg = Release|Any CPU
		{A9C4876C-A8AF-4CF1-9575-434CE8DDD2D6}.Release|Any CPU.Build.0 = Release|Any CPU
		{62BB73B9-6763-4AEA-B65F-5E7964413F11}.Debug|Any CPU.ActiveCfg = Debug|Any CPU
		{62BB73B9-6763-4AEA-B65F-5E7964413F11}.Debug|Any CPU.Build.0 = Debug|Any CPU
		{62BB73B9-6763-4AEA-B65F-5E7964413F11}.Release|Any CPU.ActiveCfg = Release|Any CPU
		{62BB73B9-6763-4AEA-B65F-5E7964413F11}.Release|Any CPU.Build.0 = Release|Any CPU
		{B8B4D963-F2AD-437F-85C5-C169214B0D38}.Debug|Any CPU.ActiveCfg = Debug|Any CPU
		{B8B4D963-F2AD-437F-85C5-C169214B0D38}.Debug|Any CPU.Build.0 = Debug|Any CPU
		{B8B4D963-F2AD-437F-85C5-C169214B0D38}.Release|Any CPU.ActiveCfg = Release|Any CPU
		{B8B4D963-F2AD-437F-85C5-C169214B0D38}.Release|Any CPU.Build.0 = Release|Any CPU
		{131A675B-63A9-453B-9BAB-9C3A4E871242}.Debug|Any CPU.ActiveCfg = Debug|Any CPU
		{131A675B-63A9-453B-9BAB-9C3A4E871242}.Debug|Any CPU.Build.0 = Debug|Any CPU
		{131A675B-63A9-453B-9BAB-9C3A4E871242}.Release|Any CPU.ActiveCfg = Release|Any CPU
		{131A675B-63A9-453B-9BAB-9C3A4E871242}.Release|Any CPU.Build.0 = Release|Any CPU
		{A291047D-E491-44FF-B727-4F38F6C5681D}.Debug|Any CPU.ActiveCfg = Debug|Any CPU
		{A291047D-E491-44FF-B727-4F38F6C5681D}.Debug|Any CPU.Build.0 = Debug|Any CPU
		{A291047D-E491-44FF-B727-4F38F6C5681D}.Release|Any CPU.ActiveCfg = Release|Any CPU
		{A291047D-E491-44FF-B727-4F38F6C5681D}.Release|Any CPU.Build.0 = Release|Any CPU
		{67A73DF7-94D5-4EED-BD7E-0677780FE402}.Debug|Any CPU.ActiveCfg = Debug|Any CPU
		{67A73DF7-94D5-4EED-BD7E-0677780FE402}.Debug|Any CPU.Build.0 = Debug|Any CPU
		{67A73DF7-94D5-4EED-BD7E-0677780FE402}.Release|Any CPU.ActiveCfg = Release|Any CPU
		{67A73DF7-94D5-4EED-BD7E-0677780FE402}.Release|Any CPU.Build.0 = Release|Any CPU
		{121A667F-49F3-4630-AA47-5F3D55C587EE}.Debug|Any CPU.ActiveCfg = Debug|Any CPU
		{121A667F-49F3-4630-AA47-5F3D55C587EE}.Debug|Any CPU.Build.0 = Debug|Any CPU
		{121A667F-49F3-4630-AA47-5F3D55C587EE}.Release|Any CPU.ActiveCfg = Release|Any CPU
		{121A667F-49F3-4630-AA47-5F3D55C587EE}.Release|Any CPU.Build.0 = Release|Any CPU
		{8B324F45-CE6F-42CB-83D8-402E6E9B2E56}.Debug|Any CPU.ActiveCfg = Debug|Any CPU
		{8B324F45-CE6F-42CB-83D8-402E6E9B2E56}.Debug|Any CPU.Build.0 = Debug|Any CPU
		{8B324F45-CE6F-42CB-83D8-402E6E9B2E56}.Release|Any CPU.ActiveCfg = Release|Any CPU
		{8B324F45-CE6F-42CB-83D8-402E6E9B2E56}.Release|Any CPU.Build.0 = Release|Any CPU
		{0C82F83C-5528-4016-B9C1-49407DE87E17}.Debug|Any CPU.ActiveCfg = Debug|Any CPU
		{0C82F83C-5528-4016-B9C1-49407DE87E17}.Debug|Any CPU.Build.0 = Debug|Any CPU
		{0C82F83C-5528-4016-B9C1-49407DE87E17}.Release|Any CPU.ActiveCfg = Release|Any CPU
		{0C82F83C-5528-4016-B9C1-49407DE87E17}.Release|Any CPU.Build.0 = Release|Any CPU
	EndGlobalSection
	GlobalSection(SolutionProperties) = preSolution
		HideSolutionNode = FALSE
	EndGlobalSection
	GlobalSection(NestedProjects) = preSolution
		{85C5CE01-A1F7-483F-90AE-E330DC948D0A} = {C2064FDE-63BC-466D-AFF8-9C9069F40140}
		{1B191D18-8BCE-41EB-B041-71FC1916C9A3} = {C2064FDE-63BC-466D-AFF8-9C9069F40140}
		{79DBFCBE-67CD-487F-B2F7-F1A88C048919} = {C2064FDE-63BC-466D-AFF8-9C9069F40140}
		{674229FE-30C5-45E9-9B7C-4DFA220EB669} = {C2064FDE-63BC-466D-AFF8-9C9069F40140}
		{4802E3E9-E628-490A-BE87-033AE0A624FD} = {C2064FDE-63BC-466D-AFF8-9C9069F40140}
		{0078ACE3-063A-47C7-A077-DA4EFC8AA181} = {C2064FDE-63BC-466D-AFF8-9C9069F40140}
		{08D93BF1-4C8C-4D45-882D-CB0EFF0C7E80} = {C2064FDE-63BC-466D-AFF8-9C9069F40140}
		{B923A1AC-3BB6-4510-A108-4CE5562B275D} = {C2064FDE-63BC-466D-AFF8-9C9069F40140}
		{2788AEE3-5762-4466-AE23-6393348EC4E7} = {19F3C33C-9987-41CF-9A21-BFCFA8B1B2E8}
		{AC51BEF3-E8B5-4FCB-BF84-69DDAE4122CA} = {19F3C33C-9987-41CF-9A21-BFCFA8B1B2E8}
		{36920CCF-3B31-459C-9733-BF508A510E8A} = {19F3C33C-9987-41CF-9A21-BFCFA8B1B2E8}
		{8DB3A817-2D9D-4277-80EB-958A55463D6B} = {19F3C33C-9987-41CF-9A21-BFCFA8B1B2E8}
		{A4002D1F-F7AB-456F-A286-F0464D969FB8} = {2788AEE3-5762-4466-AE23-6393348EC4E7}
		{448A7467-C4A3-491F-8776-98929BA5CC4D} = {79DBFCBE-67CD-487F-B2F7-F1A88C048919}
		{6A02DD50-1F63-4999-9756-73CBC9EC00E1} = {79DBFCBE-67CD-487F-B2F7-F1A88C048919}
		{533996AA-7162-409E-A0B7-A510AA97CED7} = {79DBFCBE-67CD-487F-B2F7-F1A88C048919}
		{864EF5A5-EADE-4153-8BC0-CA99F6C1025A} = {79DBFCBE-67CD-487F-B2F7-F1A88C048919}
		{83205DE1-082B-46A6-A43A-C7425053895D} = {79DBFCBE-67CD-487F-B2F7-F1A88C048919}
		{86235ADD-8C4A-4BBF-BE64-1C00E49062B0} = {79DBFCBE-67CD-487F-B2F7-F1A88C048919}
		{573CF4BB-4A32-4E7A-AE71-93FB490CF152} = {1B191D18-8BCE-41EB-B041-71FC1916C9A3}
		{728F8002-4047-4457-A2DC-2377C2119BDD} = {674229FE-30C5-45E9-9B7C-4DFA220EB669}
		{4C82906A-C96F-4BAE-9400-CB7234614191} = {674229FE-30C5-45E9-9B7C-4DFA220EB669}
		{FA88DF31-22FF-4346-8375-0966D2003ECD} = {4802E3E9-E628-490A-BE87-033AE0A624FD}
		{96C9EF8A-4696-4587-85A0-E593B2A281F1} = {4802E3E9-E628-490A-BE87-033AE0A624FD}
		{F28C3B66-CE87-4532-920C-CD8E82878303} = {4802E3E9-E628-490A-BE87-033AE0A624FD}
		{C2594B55-F152-4461-A5E7-4B5975E30D33} = {4802E3E9-E628-490A-BE87-033AE0A624FD}
		{E12B26DC-0A26-4B4A-86CA-B1CA954D0836} = {85C5CE01-A1F7-483F-90AE-E330DC948D0A}
		{15773F0A-3A95-43E3-99D3-C3F9A3A1141A} = {85C5CE01-A1F7-483F-90AE-E330DC948D0A}
		{FBCC1679-C6F0-4CD1-B99E-DC411A9011D0} = {85C5CE01-A1F7-483F-90AE-E330DC948D0A}
		{239BE5B6-B227-4B2E-9554-5BB87A61E4FF} = {0078ACE3-063A-47C7-A077-DA4EFC8AA181}
		{4AFC7AB3-A201-47D7-92CB-84F975D3FEDE} = {0078ACE3-063A-47C7-A077-DA4EFC8AA181}
		{F9E05276-8DFB-46DC-90E0-C38B434BFDC7} = {08D93BF1-4C8C-4D45-882D-CB0EFF0C7E80}
		{132C3629-F111-4FD8-AFAD-6D96D2185790} = {08D93BF1-4C8C-4D45-882D-CB0EFF0C7E80}
		{AA59BCB8-269B-408D-A5A5-A48EE9899393} = {08D93BF1-4C8C-4D45-882D-CB0EFF0C7E80}
		{D20B920E-3740-4AB9-AADB-8FA8B98C80E5} = {08D93BF1-4C8C-4D45-882D-CB0EFF0C7E80}
		{43C517DE-EA05-4AC0-9FDE-84B3AB0EA8C7} = {B923A1AC-3BB6-4510-A108-4CE5562B275D}
		{9B15B8D3-C096-47D0-80E7-84948D3AA466} = {B923A1AC-3BB6-4510-A108-4CE5562B275D}
		{923B1842-66E3-4B3C-9AA1-44C6B4FB883D} = {B923A1AC-3BB6-4510-A108-4CE5562B275D}
		{CBE7D936-AF80-4DAB-95EA-D18772B556E3} = {2788AEE3-5762-4466-AE23-6393348EC4E7}
		{1A315E8C-3ACE-4E05-9003-9B1332F36B92} = {2788AEE3-5762-4466-AE23-6393348EC4E7}
		{09BDC90C-CFF5-4EF2-8976-C9D837139CB5} = {2788AEE3-5762-4466-AE23-6393348EC4E7}
		{BCBA28E0-0D7B-4D8A-AF19-A5F0D204AF02} = {2788AEE3-5762-4466-AE23-6393348EC4E7}
		{BDFE6C61-D9B8-4EB4-8CEA-21BD6F860C3B} = {2788AEE3-5762-4466-AE23-6393348EC4E7}
		{14211559-833A-4B34-B8D8-74707E2EB6DC} = {8DB3A817-2D9D-4277-80EB-958A55463D6B}
		{42549143-6EBF-4698-9EAC-84A217A9C29D} = {B923A1AC-3BB6-4510-A108-4CE5562B275D}
		{FC09C0DB-D137-43AF-9527-B2AD1FD8418A} = {8DB3A817-2D9D-4277-80EB-958A55463D6B}
		{AA0A3C04-04E4-4B30-8381-A7F5AAB59C7B} = {8DB3A817-2D9D-4277-80EB-958A55463D6B}
		{1FC95694-5D9F-472A-A844-8287FF880D67} = {36920CCF-3B31-459C-9733-BF508A510E8A}
		{D1BBBE57-CE2A-47C8-839F-1250BC301DCE} = {36920CCF-3B31-459C-9733-BF508A510E8A}
		{A9C4876C-A8AF-4CF1-9575-434CE8DDD2D6} = {36920CCF-3B31-459C-9733-BF508A510E8A}
		{62BB73B9-6763-4AEA-B65F-5E7964413F11} = {36920CCF-3B31-459C-9733-BF508A510E8A}
		{B8B4D963-F2AD-437F-85C5-C169214B0D38} = {AC51BEF3-E8B5-4FCB-BF84-69DDAE4122CA}
		{131A675B-63A9-453B-9BAB-9C3A4E871242} = {AC51BEF3-E8B5-4FCB-BF84-69DDAE4122CA}
		{A291047D-E491-44FF-B727-4F38F6C5681D} = {AC51BEF3-E8B5-4FCB-BF84-69DDAE4122CA}
		{67A73DF7-94D5-4EED-BD7E-0677780FE402} = {AC51BEF3-E8B5-4FCB-BF84-69DDAE4122CA}
		{121A667F-49F3-4630-AA47-5F3D55C587EE} = {AC51BEF3-E8B5-4FCB-BF84-69DDAE4122CA}
		{8B324F45-CE6F-42CB-83D8-402E6E9B2E56} = {AC51BEF3-E8B5-4FCB-BF84-69DDAE4122CA}
		{0C82F83C-5528-4016-B9C1-49407DE87E17} = {B923A1AC-3BB6-4510-A108-4CE5562B275D}
	EndGlobalSection
	GlobalSection(ExtensibilityGlobals) = postSolution
		SolutionGuid = {3537C8D6-D792-492E-ACF4-8DDD1AA19555}
	EndGlobalSection
EndGlobal
