
Microsoft Visual Studio Solution File, Format Version 12.00
# Visual Studio 15
VisualStudioVersion = 15.0.27130.2024
MinimumVisualStudioVersion = 10.0.40219.1
Project("{9A19103F-16F7-4668-BE54-9A1E7A4F7556}") = "AlsTradingPost.Api", "AlsTradingPost.Api\AlsTradingPost.Api.csproj", "{88DB8425-396F-4924-A3A7-2CEE0AE29D09}"
EndProject
Project("{2150E333-8FDC-42A3-9474-1A3956D46DE8}") = "Common", "Common", "{6483DDD2-ED71-4A70-ADAE-708284195A4D}"
EndProject
Project("{9A19103F-16F7-4668-BE54-9A1E7A4F7556}") = "Common.Api", "Common.Api\Common.Api.csproj", "{6CA01810-F48E-4BB4-B49A-F3B5D12CF0B4}"
EndProject
Project("{9A19103F-16F7-4668-BE54-9A1E7A4F7556}") = "Common.Application", "Common.Application\Common.Application.csproj", "{BB21E5D2-11E5-492E-8097-54236228F36F}"
EndProject
Project("{9A19103F-16F7-4668-BE54-9A1E7A4F7556}") = "Common.Domain", "Common.Domain\Common.Domain.csproj", "{50A226F4-7024-4930-9899-78C5B72144A1}"
EndProject
Project("{9A19103F-16F7-4668-BE54-9A1E7A4F7556}") = "Common.Domain.Models", "Common.Domain.Models\Common.Domain.Models.csproj", "{B0F3E197-7E21-484E-A434-3009ADDE7C23}"
EndProject
Project("{9A19103F-16F7-4668-BE54-9A1E7A4F7556}") = "AlsTradingPost.Application", "AlsTradingPost.Application\AlsTradingPost.Application.csproj", "{ACFDE031-4161-4C24-A97D-AFD83F631863}"
EndProject
Project("{9A19103F-16F7-4668-BE54-9A1E7A4F7556}") = "AlsTradingPost.Domain", "AlsTradingPost.Domain\AlsTradingPost.Domain.csproj", "{F24F08F7-8455-4965-96D9-F027B12C508C}"
EndProject
Project("{9A19103F-16F7-4668-BE54-9A1E7A4F7556}") = "AlsTradingPost.Domain.Models", "AlsTradingPost.Domain.Models\AlsTradingPost.Domain.Models.csproj", "{4956F261-A2E5-4455-B7C0-0EDBB7362FDA}"
EndProject
Project("{9A19103F-16F7-4668-BE54-9A1E7A4F7556}") = "AlsTradingPost.Persistence", "AlsTradingPost.Persistence\AlsTradingPost.Persistence.csproj", "{56E5FF3D-3ABE-4EEF-B602-D6EB01285F2A}"
EndProject
Project("{9A19103F-16F7-4668-BE54-9A1E7A4F7556}") = "AlsTradingPost.Setup", "AlsTradingPost.Setup\AlsTradingPost.Setup.csproj", "{B214875F-CA23-4171-AE5B-882402AAE3A9}"
EndProject
Project("{9A19103F-16F7-4668-BE54-9A1E7A4F7556}") = "Common.Resources", "Common.Resources\Common.Resources.csproj", "{1C718153-419E-4D3E-A64E-B35415308D6B}"
EndProject
Project("{9A19103F-16F7-4668-BE54-9A1E7A4F7556}") = "Common.Persistence", "Common.Persistence\Common.Persistence.csproj", "{496F06CC-43D9-4B8C-9DF8-CD972ADD0267}"
EndProject
Project("{2150E333-8FDC-42A3-9474-1A3956D46DE8}") = "Authentication", "Authentication", "{E4C77BF5-8396-4DC6-8DF7-B240B36298F5}"
EndProject
Project("{9A19103F-16F7-4668-BE54-9A1E7A4F7556}") = "Authentication.Persistence", "Authentication.Persistence\Authentication.Persistence.csproj", "{5154D93F-95B3-4A7C-8372-4937F444D61E}"
EndProject
Project("{9A19103F-16F7-4668-BE54-9A1E7A4F7556}") = "Authentication.Domain.Models", "Authentication.Domain.Models\Authentication.Domain.Models.csproj", "{1C99BD9F-FA24-4639-9961-93E381983831}"
EndProject
Project("{9A19103F-16F7-4668-BE54-9A1E7A4F7556}") = "Authentication.Domain", "Authentication.Domain\Authentication.Domain.csproj", "{ABFDED65-A0E0-4EE3-A88C-6C3D2A39B762}"
EndProject
Project("{9A19103F-16F7-4668-BE54-9A1E7A4F7556}") = "Authentication.Application", "Authentication.Application\Authentication.Application.csproj", "{B2219D95-8215-4EB3-835B-8FCFDF66FC2F}"
EndProject
Project("{9A19103F-16F7-4668-BE54-9A1E7A4F7556}") = "Authentication.Setup", "Authentication.Setup\Authentication.Setup.csproj", "{EEE2931A-8FF5-4BDA-8405-82F5EF155A03}"
EndProject
Project("{9A19103F-16F7-4668-BE54-9A1E7A4F7556}") = "Authentication.Api", "Authentication.Api\Authentication.Api.csproj", "{4BE0C76D-7522-473D-AEE0-65BDF7BFDA6A}"
EndProject
Project("{9A19103F-16F7-4668-BE54-9A1E7A4F7556}") = "Common.Setup", "Common.Setup\Common.Setup.csproj", "{B198BE88-E4EE-4412-8739-ECD091954C7B}"
EndProject
Project("{2150E333-8FDC-42A3-9474-1A3956D46DE8}") = "Messaging", "Messaging", "{0C931860-D95B-4A2B-824B-F31E34CC8BAE}"
EndProject
Project("{9A19103F-16F7-4668-BE54-9A1E7A4F7556}") = "Common.Messaging", "Common.Messaging\Common.Messaging.csproj", "{D3F18D14-4720-4FA1-A537-96C5A383D185}"
EndProject
Project("{9A19103F-16F7-4668-BE54-9A1E7A4F7556}") = "Message.Broker", "Message.Broker\Message.Broker.csproj", "{2D011140-ACC4-41FE-BA6C-48183C0B99CA}"
EndProject
Project("{FAE04EC0-301F-11D3-BF4B-00C04F79EFBC}") = "Common.Authentication", "Common.Authentication\Common.Authentication.csproj", "{B799D163-A095-4DBB-9A8B-BDDF66E3C56C}"
EndProject
Global
	GlobalSection(SolutionConfigurationPlatforms) = preSolution
		Debug|Any CPU = Debug|Any CPU
		Release|Any CPU = Release|Any CPU
	EndGlobalSection
	GlobalSection(ProjectConfigurationPlatforms) = postSolution
		{88DB8425-396F-4924-A3A7-2CEE0AE29D09}.Debug|Any CPU.ActiveCfg = Debug|Any CPU
		{88DB8425-396F-4924-A3A7-2CEE0AE29D09}.Debug|Any CPU.Build.0 = Debug|Any CPU
		{88DB8425-396F-4924-A3A7-2CEE0AE29D09}.Release|Any CPU.ActiveCfg = Release|Any CPU
		{88DB8425-396F-4924-A3A7-2CEE0AE29D09}.Release|Any CPU.Build.0 = Release|Any CPU
		{6CA01810-F48E-4BB4-B49A-F3B5D12CF0B4}.Debug|Any CPU.ActiveCfg = Debug|Any CPU
		{6CA01810-F48E-4BB4-B49A-F3B5D12CF0B4}.Debug|Any CPU.Build.0 = Debug|Any CPU
		{6CA01810-F48E-4BB4-B49A-F3B5D12CF0B4}.Release|Any CPU.ActiveCfg = Release|Any CPU
		{6CA01810-F48E-4BB4-B49A-F3B5D12CF0B4}.Release|Any CPU.Build.0 = Release|Any CPU
		{BB21E5D2-11E5-492E-8097-54236228F36F}.Debug|Any CPU.ActiveCfg = Debug|Any CPU
		{BB21E5D2-11E5-492E-8097-54236228F36F}.Debug|Any CPU.Build.0 = Debug|Any CPU
		{BB21E5D2-11E5-492E-8097-54236228F36F}.Release|Any CPU.ActiveCfg = Release|Any CPU
		{BB21E5D2-11E5-492E-8097-54236228F36F}.Release|Any CPU.Build.0 = Release|Any CPU
		{50A226F4-7024-4930-9899-78C5B72144A1}.Debug|Any CPU.ActiveCfg = Debug|Any CPU
		{50A226F4-7024-4930-9899-78C5B72144A1}.Debug|Any CPU.Build.0 = Debug|Any CPU
		{50A226F4-7024-4930-9899-78C5B72144A1}.Release|Any CPU.ActiveCfg = Release|Any CPU
		{50A226F4-7024-4930-9899-78C5B72144A1}.Release|Any CPU.Build.0 = Release|Any CPU
		{B0F3E197-7E21-484E-A434-3009ADDE7C23}.Debug|Any CPU.ActiveCfg = Debug|Any CPU
		{B0F3E197-7E21-484E-A434-3009ADDE7C23}.Debug|Any CPU.Build.0 = Debug|Any CPU
		{B0F3E197-7E21-484E-A434-3009ADDE7C23}.Release|Any CPU.ActiveCfg = Release|Any CPU
		{B0F3E197-7E21-484E-A434-3009ADDE7C23}.Release|Any CPU.Build.0 = Release|Any CPU
		{ACFDE031-4161-4C24-A97D-AFD83F631863}.Debug|Any CPU.ActiveCfg = Debug|Any CPU
		{ACFDE031-4161-4C24-A97D-AFD83F631863}.Debug|Any CPU.Build.0 = Debug|Any CPU
		{ACFDE031-4161-4C24-A97D-AFD83F631863}.Release|Any CPU.ActiveCfg = Release|Any CPU
		{ACFDE031-4161-4C24-A97D-AFD83F631863}.Release|Any CPU.Build.0 = Release|Any CPU
		{F24F08F7-8455-4965-96D9-F027B12C508C}.Debug|Any CPU.ActiveCfg = Debug|Any CPU
		{F24F08F7-8455-4965-96D9-F027B12C508C}.Debug|Any CPU.Build.0 = Debug|Any CPU
		{F24F08F7-8455-4965-96D9-F027B12C508C}.Release|Any CPU.ActiveCfg = Release|Any CPU
		{F24F08F7-8455-4965-96D9-F027B12C508C}.Release|Any CPU.Build.0 = Release|Any CPU
		{4956F261-A2E5-4455-B7C0-0EDBB7362FDA}.Debug|Any CPU.ActiveCfg = Debug|Any CPU
		{4956F261-A2E5-4455-B7C0-0EDBB7362FDA}.Debug|Any CPU.Build.0 = Debug|Any CPU
		{4956F261-A2E5-4455-B7C0-0EDBB7362FDA}.Release|Any CPU.ActiveCfg = Release|Any CPU
		{4956F261-A2E5-4455-B7C0-0EDBB7362FDA}.Release|Any CPU.Build.0 = Release|Any CPU
		{56E5FF3D-3ABE-4EEF-B602-D6EB01285F2A}.Debug|Any CPU.ActiveCfg = Debug|Any CPU
		{56E5FF3D-3ABE-4EEF-B602-D6EB01285F2A}.Debug|Any CPU.Build.0 = Debug|Any CPU
		{56E5FF3D-3ABE-4EEF-B602-D6EB01285F2A}.Release|Any CPU.ActiveCfg = Release|Any CPU
		{56E5FF3D-3ABE-4EEF-B602-D6EB01285F2A}.Release|Any CPU.Build.0 = Release|Any CPU
		{B214875F-CA23-4171-AE5B-882402AAE3A9}.Debug|Any CPU.ActiveCfg = Debug|Any CPU
		{B214875F-CA23-4171-AE5B-882402AAE3A9}.Debug|Any CPU.Build.0 = Debug|Any CPU
		{B214875F-CA23-4171-AE5B-882402AAE3A9}.Release|Any CPU.ActiveCfg = Release|Any CPU
		{B214875F-CA23-4171-AE5B-882402AAE3A9}.Release|Any CPU.Build.0 = Release|Any CPU
		{1C718153-419E-4D3E-A64E-B35415308D6B}.Debug|Any CPU.ActiveCfg = Debug|Any CPU
		{1C718153-419E-4D3E-A64E-B35415308D6B}.Debug|Any CPU.Build.0 = Debug|Any CPU
		{1C718153-419E-4D3E-A64E-B35415308D6B}.Release|Any CPU.ActiveCfg = Release|Any CPU
		{1C718153-419E-4D3E-A64E-B35415308D6B}.Release|Any CPU.Build.0 = Release|Any CPU
		{496F06CC-43D9-4B8C-9DF8-CD972ADD0267}.Debug|Any CPU.ActiveCfg = Debug|Any CPU
		{496F06CC-43D9-4B8C-9DF8-CD972ADD0267}.Debug|Any CPU.Build.0 = Debug|Any CPU
		{496F06CC-43D9-4B8C-9DF8-CD972ADD0267}.Release|Any CPU.ActiveCfg = Release|Any CPU
		{496F06CC-43D9-4B8C-9DF8-CD972ADD0267}.Release|Any CPU.Build.0 = Release|Any CPU
		{5154D93F-95B3-4A7C-8372-4937F444D61E}.Debug|Any CPU.ActiveCfg = Debug|Any CPU
		{5154D93F-95B3-4A7C-8372-4937F444D61E}.Debug|Any CPU.Build.0 = Debug|Any CPU
		{5154D93F-95B3-4A7C-8372-4937F444D61E}.Release|Any CPU.ActiveCfg = Release|Any CPU
		{5154D93F-95B3-4A7C-8372-4937F444D61E}.Release|Any CPU.Build.0 = Release|Any CPU
		{1C99BD9F-FA24-4639-9961-93E381983831}.Debug|Any CPU.ActiveCfg = Debug|Any CPU
		{1C99BD9F-FA24-4639-9961-93E381983831}.Debug|Any CPU.Build.0 = Debug|Any CPU
		{1C99BD9F-FA24-4639-9961-93E381983831}.Release|Any CPU.ActiveCfg = Release|Any CPU
		{1C99BD9F-FA24-4639-9961-93E381983831}.Release|Any CPU.Build.0 = Release|Any CPU
		{ABFDED65-A0E0-4EE3-A88C-6C3D2A39B762}.Debug|Any CPU.ActiveCfg = Debug|Any CPU
		{ABFDED65-A0E0-4EE3-A88C-6C3D2A39B762}.Debug|Any CPU.Build.0 = Debug|Any CPU
		{ABFDED65-A0E0-4EE3-A88C-6C3D2A39B762}.Release|Any CPU.ActiveCfg = Release|Any CPU
		{ABFDED65-A0E0-4EE3-A88C-6C3D2A39B762}.Release|Any CPU.Build.0 = Release|Any CPU
		{B2219D95-8215-4EB3-835B-8FCFDF66FC2F}.Debug|Any CPU.ActiveCfg = Debug|Any CPU
		{B2219D95-8215-4EB3-835B-8FCFDF66FC2F}.Debug|Any CPU.Build.0 = Debug|Any CPU
		{B2219D95-8215-4EB3-835B-8FCFDF66FC2F}.Release|Any CPU.ActiveCfg = Release|Any CPU
		{B2219D95-8215-4EB3-835B-8FCFDF66FC2F}.Release|Any CPU.Build.0 = Release|Any CPU
		{EEE2931A-8FF5-4BDA-8405-82F5EF155A03}.Debug|Any CPU.ActiveCfg = Debug|Any CPU
		{EEE2931A-8FF5-4BDA-8405-82F5EF155A03}.Debug|Any CPU.Build.0 = Debug|Any CPU
		{EEE2931A-8FF5-4BDA-8405-82F5EF155A03}.Release|Any CPU.ActiveCfg = Release|Any CPU
		{EEE2931A-8FF5-4BDA-8405-82F5EF155A03}.Release|Any CPU.Build.0 = Release|Any CPU
		{4BE0C76D-7522-473D-AEE0-65BDF7BFDA6A}.Debug|Any CPU.ActiveCfg = Debug|Any CPU
		{4BE0C76D-7522-473D-AEE0-65BDF7BFDA6A}.Debug|Any CPU.Build.0 = Debug|Any CPU
		{4BE0C76D-7522-473D-AEE0-65BDF7BFDA6A}.Release|Any CPU.ActiveCfg = Release|Any CPU
		{4BE0C76D-7522-473D-AEE0-65BDF7BFDA6A}.Release|Any CPU.Build.0 = Release|Any CPU
		{B198BE88-E4EE-4412-8739-ECD091954C7B}.Debug|Any CPU.ActiveCfg = Debug|Any CPU
		{B198BE88-E4EE-4412-8739-ECD091954C7B}.Debug|Any CPU.Build.0 = Debug|Any CPU
		{B198BE88-E4EE-4412-8739-ECD091954C7B}.Release|Any CPU.ActiveCfg = Release|Any CPU
		{B198BE88-E4EE-4412-8739-ECD091954C7B}.Release|Any CPU.Build.0 = Release|Any CPU
		{D3F18D14-4720-4FA1-A537-96C5A383D185}.Debug|Any CPU.ActiveCfg = Debug|Any CPU
		{D3F18D14-4720-4FA1-A537-96C5A383D185}.Debug|Any CPU.Build.0 = Debug|Any CPU
		{D3F18D14-4720-4FA1-A537-96C5A383D185}.Release|Any CPU.ActiveCfg = Release|Any CPU
		{D3F18D14-4720-4FA1-A537-96C5A383D185}.Release|Any CPU.Build.0 = Release|Any CPU
		{2D011140-ACC4-41FE-BA6C-48183C0B99CA}.Debug|Any CPU.ActiveCfg = Debug|Any CPU
		{2D011140-ACC4-41FE-BA6C-48183C0B99CA}.Debug|Any CPU.Build.0 = Debug|Any CPU
		{2D011140-ACC4-41FE-BA6C-48183C0B99CA}.Release|Any CPU.ActiveCfg = Release|Any CPU
		{2D011140-ACC4-41FE-BA6C-48183C0B99CA}.Release|Any CPU.Build.0 = Release|Any CPU
		{B799D163-A095-4DBB-9A8B-BDDF66E3C56C}.Debug|Any CPU.ActiveCfg = Debug|Any CPU
		{B799D163-A095-4DBB-9A8B-BDDF66E3C56C}.Debug|Any CPU.Build.0 = Debug|Any CPU
		{B799D163-A095-4DBB-9A8B-BDDF66E3C56C}.Release|Any CPU.ActiveCfg = Release|Any CPU
		{B799D163-A095-4DBB-9A8B-BDDF66E3C56C}.Release|Any CPU.Build.0 = Release|Any CPU
	EndGlobalSection
	GlobalSection(SolutionProperties) = preSolution
		HideSolutionNode = FALSE
	EndGlobalSection
	GlobalSection(NestedProjects) = preSolution
		{6CA01810-F48E-4BB4-B49A-F3B5D12CF0B4} = {6483DDD2-ED71-4A70-ADAE-708284195A4D}
		{BB21E5D2-11E5-492E-8097-54236228F36F} = {6483DDD2-ED71-4A70-ADAE-708284195A4D}
		{50A226F4-7024-4930-9899-78C5B72144A1} = {6483DDD2-ED71-4A70-ADAE-708284195A4D}
		{B0F3E197-7E21-484E-A434-3009ADDE7C23} = {6483DDD2-ED71-4A70-ADAE-708284195A4D}
		{1C718153-419E-4D3E-A64E-B35415308D6B} = {6483DDD2-ED71-4A70-ADAE-708284195A4D}
		{496F06CC-43D9-4B8C-9DF8-CD972ADD0267} = {6483DDD2-ED71-4A70-ADAE-708284195A4D}
		{5154D93F-95B3-4A7C-8372-4937F444D61E} = {E4C77BF5-8396-4DC6-8DF7-B240B36298F5}
		{1C99BD9F-FA24-4639-9961-93E381983831} = {E4C77BF5-8396-4DC6-8DF7-B240B36298F5}
		{ABFDED65-A0E0-4EE3-A88C-6C3D2A39B762} = {E4C77BF5-8396-4DC6-8DF7-B240B36298F5}
		{B2219D95-8215-4EB3-835B-8FCFDF66FC2F} = {E4C77BF5-8396-4DC6-8DF7-B240B36298F5}
		{EEE2931A-8FF5-4BDA-8405-82F5EF155A03} = {E4C77BF5-8396-4DC6-8DF7-B240B36298F5}
		{4BE0C76D-7522-473D-AEE0-65BDF7BFDA6A} = {E4C77BF5-8396-4DC6-8DF7-B240B36298F5}
		{B198BE88-E4EE-4412-8739-ECD091954C7B} = {6483DDD2-ED71-4A70-ADAE-708284195A4D}
		{D3F18D14-4720-4FA1-A537-96C5A383D185} = {6483DDD2-ED71-4A70-ADAE-708284195A4D}
		{2D011140-ACC4-41FE-BA6C-48183C0B99CA} = {0C931860-D95B-4A2B-824B-F31E34CC8BAE}
		{B799D163-A095-4DBB-9A8B-BDDF66E3C56C} = {6483DDD2-ED71-4A70-ADAE-708284195A4D}
	EndGlobalSection
	GlobalSection(ExtensibilityGlobals) = postSolution
		SolutionGuid = {6911EF25-A28A-4840-BCB8-4FD4542BCC91}
	EndGlobalSection
EndGlobal
