
Microsoft Visual Studio Solution File, Format Version 12.00
# Visual Studio 15
VisualStudioVersion = 15.0.27130.2024
MinimumVisualStudioVersion = 10.0.40219.1
Project("{9A19103F-16F7-4668-BE54-9A1E7A4F7556}") = "Common.Api", "Common\Common.Api\Common.Api.csproj", "{6CA01810-F48E-4BB4-B49A-F3B5D12CF0B4}"
EndProject
Project("{9A19103F-16F7-4668-BE54-9A1E7A4F7556}") = "Common.Application", "Common\Common.Application\Common.Application.csproj", "{BB21E5D2-11E5-492E-8097-54236228F36F}"
EndProject
Project("{9A19103F-16F7-4668-BE54-9A1E7A4F7556}") = "Common.Domain", "Common\Common.Domain\Common.Domain.csproj", "{50A226F4-7024-4930-9899-78C5B72144A1}"
EndProject
Project("{9A19103F-16F7-4668-BE54-9A1E7A4F7556}") = "Common.Domain.Models", "Common\Common.Domain.Models\Common.Domain.Models.csproj", "{B0F3E197-7E21-484E-A434-3009ADDE7C23}"
EndProject
Project("{9A19103F-16F7-4668-BE54-9A1E7A4F7556}") = "Common.Resources", "Common\Common.Resources\Common.Resources.csproj", "{1C718153-419E-4D3E-A64E-B35415308D6B}"
EndProject
Project("{9A19103F-16F7-4668-BE54-9A1E7A4F7556}") = "Common.Setup", "Common\Common.Setup\Common.Setup.csproj", "{B198BE88-E4EE-4412-8739-ECD091954C7B}"
EndProject
Project("{9A19103F-16F7-4668-BE54-9A1E7A4F7556}") = "Common.Api.Formats", "Common\Common.Api.Formats\Common.Api.Formats.csproj", "{10B6E523-4259-4679-BB8C-5953D71F2352}"
EndProject
Project("{9A19103F-16F7-4668-BE54-9A1E7A4F7556}") = "Common.Messaging", "Common\Common.Messaging\Common.Messaging.csproj", "{D3F18D14-4720-4FA1-A537-96C5A383D185}"
EndProject
Project("{9A19103F-16F7-4668-BE54-9A1E7A4F7556}") = "AlsTradingPost.Api", "Apps.AlsTradingPost\AlsTradingPost.Api\AlsTradingPost.Api.csproj", "{88DB8425-396F-4924-A3A7-2CEE0AE29D09}"
EndProject
Project("{9A19103F-16F7-4668-BE54-9A1E7A4F7556}") = "AlsTradingPost.Application", "Apps.AlsTradingPost\AlsTradingPost.Application\AlsTradingPost.Application.csproj", "{ACFDE031-4161-4C24-A97D-AFD83F631863}"
EndProject
Project("{9A19103F-16F7-4668-BE54-9A1E7A4F7556}") = "AlsTradingPost.Domain", "Apps.AlsTradingPost\AlsTradingPost.Domain\AlsTradingPost.Domain.csproj", "{F24F08F7-8455-4965-96D9-F027B12C508C}"
EndProject
Project("{9A19103F-16F7-4668-BE54-9A1E7A4F7556}") = "AlsTradingPost.Domain.Models", "Apps.AlsTradingPost\AlsTradingPost.Domain.Models\AlsTradingPost.Domain.Models.csproj", "{4956F261-A2E5-4455-B7C0-0EDBB7362FDA}"
EndProject
Project("{9A19103F-16F7-4668-BE54-9A1E7A4F7556}") = "AlsTradingPost.Persistence", "Apps.AlsTradingPost\AlsTradingPost.Persistence\AlsTradingPost.Persistence.csproj", "{56E5FF3D-3ABE-4EEF-B602-D6EB01285F2A}"
EndProject
Project("{9A19103F-16F7-4668-BE54-9A1E7A4F7556}") = "AlsTradingPost.Setup", "Apps.AlsTradingPost\AlsTradingPost.Setup\AlsTradingPost.Setup.csproj", "{B214875F-CA23-4171-AE5B-882402AAE3A9}"
EndProject
Project("{9A19103F-16F7-4668-BE54-9A1E7A4F7556}") = "AlsTradingPost.Resources", "Apps.AlsTradingPost\AlsTradingPost.Resources\AlsTradingPost.Resources.csproj", "{21A4A2B0-8677-4742-ACC4-5D6D3E5A476D}"
EndProject
Project("{9A19103F-16F7-4668-BE54-9A1E7A4F7556}") = "Authentication.Persistence", "Apps.Authentication\Authentication.Persistence\Authentication.Persistence.csproj", "{5154D93F-95B3-4A7C-8372-4937F444D61E}"
EndProject
Project("{9A19103F-16F7-4668-BE54-9A1E7A4F7556}") = "Authentication.Domain.Models", "Apps.Authentication\Authentication.Domain.Models\Authentication.Domain.Models.csproj", "{1C99BD9F-FA24-4639-9961-93E381983831}"
EndProject
Project("{9A19103F-16F7-4668-BE54-9A1E7A4F7556}") = "Authentication.Domain", "Apps.Authentication\Authentication.Domain\Authentication.Domain.csproj", "{ABFDED65-A0E0-4EE3-A88C-6C3D2A39B762}"
EndProject
Project("{9A19103F-16F7-4668-BE54-9A1E7A4F7556}") = "Authentication.Application", "Apps.Authentication\Authentication.Application\Authentication.Application.csproj", "{B2219D95-8215-4EB3-835B-8FCFDF66FC2F}"
EndProject
Project("{9A19103F-16F7-4668-BE54-9A1E7A4F7556}") = "Authentication.Setup", "Apps.Authentication\Authentication.Setup\Authentication.Setup.csproj", "{EEE2931A-8FF5-4BDA-8405-82F5EF155A03}"
EndProject
Project("{9A19103F-16F7-4668-BE54-9A1E7A4F7556}") = "Authentication.Api", "Apps.Authentication\Authentication.Api\Authentication.Api.csproj", "{4BE0C76D-7522-473D-AEE0-65BDF7BFDA6A}"
EndProject
Project("{9A19103F-16F7-4668-BE54-9A1E7A4F7556}") = "Message.Broker", "Messaging\Message.Broker\Message.Broker.csproj", "{2D011140-ACC4-41FE-BA6C-48183C0B99CA}"
EndProject
Project("{9A19103F-16F7-4668-BE54-9A1E7A4F7556}") = "DomainEvent.Broker", "DomainEvents\DomainEvent.Broker\DomainEvent.Broker.csproj", "{36D1CA67-D497-4FE4-8C0C-73E0C48B6644}"
EndProject
Project("{9A19103F-16F7-4668-BE54-9A1E7A4F7556}") = "Persistence.EntityFramework", "Persistence\Persistence.EntityFramework\Persistence.EntityFramework.csproj", "{16D63256-EC81-4B21-AE2F-F4439C802251}"
EndProject
Project("{9A19103F-16F7-4668-BE54-9A1E7A4F7556}") = "Common.Authentication.Domain.Models", "Common.Authentication\Common.Authentication.Domain.Models\Common.Authentication.Domain.Models.csproj", "{95133591-30FB-426A-8CC0-942F1EA406CC}"
EndProject
Project("{9A19103F-16F7-4668-BE54-9A1E7A4F7556}") = "Common.Authentication.Domain", "Common.Authentication\Common.Authentication.Domain\Common.Authentication.Domain.csproj", "{89B744E4-6DD1-4813-AA88-DD9DE98496FC}"
EndProject
Project("{9A19103F-16F7-4668-BE54-9A1E7A4F7556}") = "Common.Authentication.Setup", "Common.Authentication\Common.Authentication.Setup\Common.Authentication.Setup.csproj", "{E8FF058A-3546-43D1-A76B-09B3D5626D3E}"
EndProject
Project("{9A19103F-16F7-4668-BE54-9A1E7A4F7556}") = "Common.Authentication.Resources", "Common.Authentication\Common.Authentication.Resources\Common.Authentication.Resources.csproj", "{B2941292-533C-4E7B-951A-60F02E3989BD}"
EndProject
Project("{2150E333-8FDC-42A3-9474-1A3956D46DE8}") = "Apps.AlsTradingPost", "Apps.AlsTradingPost", "{B67AB370-E620-461E-9805-717AA031BB4E}"
EndProject
Project("{2150E333-8FDC-42A3-9474-1A3956D46DE8}") = "Apps.Authentication", "Apps.Authentication", "{36C91AEF-8C96-4A19-960B-C2FC1CE91729}"
EndProject
Project("{2150E333-8FDC-42A3-9474-1A3956D46DE8}") = "Common", "Common", "{2E0F9011-578D-49DA-B2C0-B20244269A7B}"
EndProject
Project("{2150E333-8FDC-42A3-9474-1A3956D46DE8}") = "Common.Authentication", "Common.Authentication", "{06D02E4E-85F2-4287-84A4-D89C62AF4A6E}"
EndProject
Project("{2150E333-8FDC-42A3-9474-1A3956D46DE8}") = "Persistence", "Persistence", "{41DDE532-6541-4B5B-91D5-ED824214511A}"
EndProject
Project("{2150E333-8FDC-42A3-9474-1A3956D46DE8}") = "Messaging", "Messaging", "{71E092FE-3C6D-429A-833D-0F070A029E76}"
EndProject
Project("{2150E333-8FDC-42A3-9474-1A3956D46DE8}") = "DomainEvents", "DomainEvents", "{50A42E68-14B4-4159-B9EB-BBE4E63D46AB}"
EndProject
Global
	GlobalSection(SolutionConfigurationPlatforms) = preSolution
		Debug|Any CPU = Debug|Any CPU
		Release|Any CPU = Release|Any CPU
	EndGlobalSection
	GlobalSection(ProjectConfigurationPlatforms) = postSolution
		{6CA01810-F48E-4BB4-B49A-F3B5D12CF0B4}.Debug|Any CPU.ActiveCfg = Debug|Any CPU
		{6CA01810-F48E-4BB4-B49A-F3B5D12CF0B4}.Debug|Any CPU.Build.0 = Debug|Any CPU
		{6CA01810-F48E-4BB4-B49A-F3B5D12CF0B4}.Release|Any CPU.ActiveCfg = Release|Any CPU
		{6CA01810-F48E-4BB4-B49A-F3B5D12CF0B4}.Release|Any CPU.Build.0 = Release|Any CPU
		{BB21E5D2-11E5-492E-8097-54236228F36F}.Debug|Any CPU.ActiveCfg = Debug|Any CPU
		{BB21E5D2-11E5-492E-8097-54236228F36F}.Debug|Any CPU.Build.0 = Debug|Any CPU
		{BB21E5D2-11E5-492E-8097-54236228F36F}.Release|Any CPU.ActiveCfg = Release|Any CPU
		{BB21E5D2-11E5-492E-8097-54236228F36F}.Release|Any CPU.Build.0 = Release|Any CPU
		{50A226F4-7024-4930-9899-78C5B72144A1}.Debug|Any CPU.ActiveCfg = Debug|Any CPU
		{50A226F4-7024-4930-9899-78C5B72144A1}.Debug|Any CPU.Build.0 = Debug|Any CPU
		{50A226F4-7024-4930-9899-78C5B72144A1}.Release|Any CPU.ActiveCfg = Release|Any CPU
		{50A226F4-7024-4930-9899-78C5B72144A1}.Release|Any CPU.Build.0 = Release|Any CPU
		{B0F3E197-7E21-484E-A434-3009ADDE7C23}.Debug|Any CPU.ActiveCfg = Debug|Any CPU
		{B0F3E197-7E21-484E-A434-3009ADDE7C23}.Debug|Any CPU.Build.0 = Debug|Any CPU
		{B0F3E197-7E21-484E-A434-3009ADDE7C23}.Release|Any CPU.ActiveCfg = Release|Any CPU
		{B0F3E197-7E21-484E-A434-3009ADDE7C23}.Release|Any CPU.Build.0 = Release|Any CPU
		{1C718153-419E-4D3E-A64E-B35415308D6B}.Debug|Any CPU.ActiveCfg = Debug|Any CPU
		{1C718153-419E-4D3E-A64E-B35415308D6B}.Debug|Any CPU.Build.0 = Debug|Any CPU
		{1C718153-419E-4D3E-A64E-B35415308D6B}.Release|Any CPU.ActiveCfg = Release|Any CPU
		{1C718153-419E-4D3E-A64E-B35415308D6B}.Release|Any CPU.Build.0 = Release|Any CPU
		{B198BE88-E4EE-4412-8739-ECD091954C7B}.Debug|Any CPU.ActiveCfg = Debug|Any CPU
		{B198BE88-E4EE-4412-8739-ECD091954C7B}.Debug|Any CPU.Build.0 = Debug|Any CPU
		{B198BE88-E4EE-4412-8739-ECD091954C7B}.Release|Any CPU.ActiveCfg = Release|Any CPU
		{B198BE88-E4EE-4412-8739-ECD091954C7B}.Release|Any CPU.Build.0 = Release|Any CPU
		{10B6E523-4259-4679-BB8C-5953D71F2352}.Debug|Any CPU.ActiveCfg = Debug|Any CPU
		{10B6E523-4259-4679-BB8C-5953D71F2352}.Debug|Any CPU.Build.0 = Debug|Any CPU
		{10B6E523-4259-4679-BB8C-5953D71F2352}.Release|Any CPU.ActiveCfg = Release|Any CPU
		{10B6E523-4259-4679-BB8C-5953D71F2352}.Release|Any CPU.Build.0 = Release|Any CPU
		{D3F18D14-4720-4FA1-A537-96C5A383D185}.Debug|Any CPU.ActiveCfg = Debug|Any CPU
		{D3F18D14-4720-4FA1-A537-96C5A383D185}.Debug|Any CPU.Build.0 = Debug|Any CPU
		{D3F18D14-4720-4FA1-A537-96C5A383D185}.Release|Any CPU.ActiveCfg = Release|Any CPU
		{D3F18D14-4720-4FA1-A537-96C5A383D185}.Release|Any CPU.Build.0 = Release|Any CPU
		{88DB8425-396F-4924-A3A7-2CEE0AE29D09}.Debug|Any CPU.ActiveCfg = Debug|Any CPU
		{88DB8425-396F-4924-A3A7-2CEE0AE29D09}.Debug|Any CPU.Build.0 = Debug|Any CPU
		{88DB8425-396F-4924-A3A7-2CEE0AE29D09}.Release|Any CPU.ActiveCfg = Release|Any CPU
		{88DB8425-396F-4924-A3A7-2CEE0AE29D09}.Release|Any CPU.Build.0 = Release|Any CPU
		{ACFDE031-4161-4C24-A97D-AFD83F631863}.Debug|Any CPU.ActiveCfg = Debug|Any CPU
		{ACFDE031-4161-4C24-A97D-AFD83F631863}.Debug|Any CPU.Build.0 = Debug|Any CPU
		{ACFDE031-4161-4C24-A97D-AFD83F631863}.Release|Any CPU.ActiveCfg = Release|Any CPU
		{ACFDE031-4161-4C24-A97D-AFD83F631863}.Release|Any CPU.Build.0 = Release|Any CPU
		{F24F08F7-8455-4965-96D9-F027B12C508C}.Debug|Any CPU.ActiveCfg = Debug|Any CPU
		{F24F08F7-8455-4965-96D9-F027B12C508C}.Debug|Any CPU.Build.0 = Debug|Any CPU
		{F24F08F7-8455-4965-96D9-F027B12C508C}.Release|Any CPU.ActiveCfg = Release|Any CPU
		{F24F08F7-8455-4965-96D9-F027B12C508C}.Release|Any CPU.Build.0 = Release|Any CPU
		{4956F261-A2E5-4455-B7C0-0EDBB7362FDA}.Debug|Any CPU.ActiveCfg = Debug|Any CPU
		{4956F261-A2E5-4455-B7C0-0EDBB7362FDA}.Debug|Any CPU.Build.0 = Debug|Any CPU
		{4956F261-A2E5-4455-B7C0-0EDBB7362FDA}.Release|Any CPU.ActiveCfg = Release|Any CPU
		{4956F261-A2E5-4455-B7C0-0EDBB7362FDA}.Release|Any CPU.Build.0 = Release|Any CPU
		{56E5FF3D-3ABE-4EEF-B602-D6EB01285F2A}.Debug|Any CPU.ActiveCfg = Debug|Any CPU
		{56E5FF3D-3ABE-4EEF-B602-D6EB01285F2A}.Debug|Any CPU.Build.0 = Debug|Any CPU
		{56E5FF3D-3ABE-4EEF-B602-D6EB01285F2A}.Release|Any CPU.ActiveCfg = Release|Any CPU
		{56E5FF3D-3ABE-4EEF-B602-D6EB01285F2A}.Release|Any CPU.Build.0 = Release|Any CPU
		{B214875F-CA23-4171-AE5B-882402AAE3A9}.Debug|Any CPU.ActiveCfg = Debug|Any CPU
		{B214875F-CA23-4171-AE5B-882402AAE3A9}.Debug|Any CPU.Build.0 = Debug|Any CPU
		{B214875F-CA23-4171-AE5B-882402AAE3A9}.Release|Any CPU.ActiveCfg = Release|Any CPU
		{B214875F-CA23-4171-AE5B-882402AAE3A9}.Release|Any CPU.Build.0 = Release|Any CPU
		{21A4A2B0-8677-4742-ACC4-5D6D3E5A476D}.Debug|Any CPU.ActiveCfg = Debug|Any CPU
		{21A4A2B0-8677-4742-ACC4-5D6D3E5A476D}.Debug|Any CPU.Build.0 = Debug|Any CPU
		{21A4A2B0-8677-4742-ACC4-5D6D3E5A476D}.Release|Any CPU.ActiveCfg = Release|Any CPU
		{21A4A2B0-8677-4742-ACC4-5D6D3E5A476D}.Release|Any CPU.Build.0 = Release|Any CPU
		{5154D93F-95B3-4A7C-8372-4937F444D61E}.Debug|Any CPU.ActiveCfg = Debug|Any CPU
		{5154D93F-95B3-4A7C-8372-4937F444D61E}.Debug|Any CPU.Build.0 = Debug|Any CPU
		{5154D93F-95B3-4A7C-8372-4937F444D61E}.Release|Any CPU.ActiveCfg = Release|Any CPU
		{5154D93F-95B3-4A7C-8372-4937F444D61E}.Release|Any CPU.Build.0 = Release|Any CPU
		{1C99BD9F-FA24-4639-9961-93E381983831}.Debug|Any CPU.ActiveCfg = Debug|Any CPU
		{1C99BD9F-FA24-4639-9961-93E381983831}.Debug|Any CPU.Build.0 = Debug|Any CPU
		{1C99BD9F-FA24-4639-9961-93E381983831}.Release|Any CPU.ActiveCfg = Release|Any CPU
		{1C99BD9F-FA24-4639-9961-93E381983831}.Release|Any CPU.Build.0 = Release|Any CPU
		{ABFDED65-A0E0-4EE3-A88C-6C3D2A39B762}.Debug|Any CPU.ActiveCfg = Debug|Any CPU
		{ABFDED65-A0E0-4EE3-A88C-6C3D2A39B762}.Debug|Any CPU.Build.0 = Debug|Any CPU
		{ABFDED65-A0E0-4EE3-A88C-6C3D2A39B762}.Release|Any CPU.ActiveCfg = Release|Any CPU
		{ABFDED65-A0E0-4EE3-A88C-6C3D2A39B762}.Release|Any CPU.Build.0 = Release|Any CPU
		{B2219D95-8215-4EB3-835B-8FCFDF66FC2F}.Debug|Any CPU.ActiveCfg = Debug|Any CPU
		{B2219D95-8215-4EB3-835B-8FCFDF66FC2F}.Debug|Any CPU.Build.0 = Debug|Any CPU
		{B2219D95-8215-4EB3-835B-8FCFDF66FC2F}.Release|Any CPU.ActiveCfg = Release|Any CPU
		{B2219D95-8215-4EB3-835B-8FCFDF66FC2F}.Release|Any CPU.Build.0 = Release|Any CPU
		{EEE2931A-8FF5-4BDA-8405-82F5EF155A03}.Debug|Any CPU.ActiveCfg = Debug|Any CPU
		{EEE2931A-8FF5-4BDA-8405-82F5EF155A03}.Debug|Any CPU.Build.0 = Debug|Any CPU
		{EEE2931A-8FF5-4BDA-8405-82F5EF155A03}.Release|Any CPU.ActiveCfg = Release|Any CPU
		{EEE2931A-8FF5-4BDA-8405-82F5EF155A03}.Release|Any CPU.Build.0 = Release|Any CPU
		{4BE0C76D-7522-473D-AEE0-65BDF7BFDA6A}.Debug|Any CPU.ActiveCfg = Debug|Any CPU
		{4BE0C76D-7522-473D-AEE0-65BDF7BFDA6A}.Debug|Any CPU.Build.0 = Debug|Any CPU
		{4BE0C76D-7522-473D-AEE0-65BDF7BFDA6A}.Release|Any CPU.ActiveCfg = Release|Any CPU
		{4BE0C76D-7522-473D-AEE0-65BDF7BFDA6A}.Release|Any CPU.Build.0 = Release|Any CPU
		{2D011140-ACC4-41FE-BA6C-48183C0B99CA}.Debug|Any CPU.ActiveCfg = Debug|Any CPU
		{2D011140-ACC4-41FE-BA6C-48183C0B99CA}.Debug|Any CPU.Build.0 = Debug|Any CPU
		{2D011140-ACC4-41FE-BA6C-48183C0B99CA}.Release|Any CPU.ActiveCfg = Release|Any CPU
		{2D011140-ACC4-41FE-BA6C-48183C0B99CA}.Release|Any CPU.Build.0 = Release|Any CPU
		{36D1CA67-D497-4FE4-8C0C-73E0C48B6644}.Debug|Any CPU.ActiveCfg = Debug|Any CPU
		{36D1CA67-D497-4FE4-8C0C-73E0C48B6644}.Debug|Any CPU.Build.0 = Debug|Any CPU
		{36D1CA67-D497-4FE4-8C0C-73E0C48B6644}.Release|Any CPU.ActiveCfg = Release|Any CPU
		{36D1CA67-D497-4FE4-8C0C-73E0C48B6644}.Release|Any CPU.Build.0 = Release|Any CPU
		{16D63256-EC81-4B21-AE2F-F4439C802251}.Debug|Any CPU.ActiveCfg = Debug|Any CPU
		{16D63256-EC81-4B21-AE2F-F4439C802251}.Debug|Any CPU.Build.0 = Debug|Any CPU
		{16D63256-EC81-4B21-AE2F-F4439C802251}.Release|Any CPU.ActiveCfg = Release|Any CPU
		{16D63256-EC81-4B21-AE2F-F4439C802251}.Release|Any CPU.Build.0 = Release|Any CPU
		{95133591-30FB-426A-8CC0-942F1EA406CC}.Debug|Any CPU.ActiveCfg = Debug|Any CPU
		{95133591-30FB-426A-8CC0-942F1EA406CC}.Debug|Any CPU.Build.0 = Debug|Any CPU
		{95133591-30FB-426A-8CC0-942F1EA406CC}.Release|Any CPU.ActiveCfg = Release|Any CPU
		{95133591-30FB-426A-8CC0-942F1EA406CC}.Release|Any CPU.Build.0 = Release|Any CPU
		{89B744E4-6DD1-4813-AA88-DD9DE98496FC}.Debug|Any CPU.ActiveCfg = Debug|Any CPU
		{89B744E4-6DD1-4813-AA88-DD9DE98496FC}.Debug|Any CPU.Build.0 = Debug|Any CPU
		{89B744E4-6DD1-4813-AA88-DD9DE98496FC}.Release|Any CPU.ActiveCfg = Release|Any CPU
		{89B744E4-6DD1-4813-AA88-DD9DE98496FC}.Release|Any CPU.Build.0 = Release|Any CPU
		{E8FF058A-3546-43D1-A76B-09B3D5626D3E}.Debug|Any CPU.ActiveCfg = Debug|Any CPU
		{E8FF058A-3546-43D1-A76B-09B3D5626D3E}.Debug|Any CPU.Build.0 = Debug|Any CPU
		{E8FF058A-3546-43D1-A76B-09B3D5626D3E}.Release|Any CPU.ActiveCfg = Release|Any CPU
		{E8FF058A-3546-43D1-A76B-09B3D5626D3E}.Release|Any CPU.Build.0 = Release|Any CPU
		{B2941292-533C-4E7B-951A-60F02E3989BD}.Debug|Any CPU.ActiveCfg = Debug|Any CPU
		{B2941292-533C-4E7B-951A-60F02E3989BD}.Debug|Any CPU.Build.0 = Debug|Any CPU
		{B2941292-533C-4E7B-951A-60F02E3989BD}.Release|Any CPU.ActiveCfg = Release|Any CPU
		{B2941292-533C-4E7B-951A-60F02E3989BD}.Release|Any CPU.Build.0 = Release|Any CPU
	EndGlobalSection
	GlobalSection(SolutionProperties) = preSolution
		HideSolutionNode = FALSE
	EndGlobalSection
	GlobalSection(NestedProjects) = preSolution
		{6CA01810-F48E-4BB4-B49A-F3B5D12CF0B4} = {2E0F9011-578D-49DA-B2C0-B20244269A7B}
		{BB21E5D2-11E5-492E-8097-54236228F36F} = {2E0F9011-578D-49DA-B2C0-B20244269A7B}
		{50A226F4-7024-4930-9899-78C5B72144A1} = {2E0F9011-578D-49DA-B2C0-B20244269A7B}
		{B0F3E197-7E21-484E-A434-3009ADDE7C23} = {2E0F9011-578D-49DA-B2C0-B20244269A7B}
		{1C718153-419E-4D3E-A64E-B35415308D6B} = {2E0F9011-578D-49DA-B2C0-B20244269A7B}
		{B198BE88-E4EE-4412-8739-ECD091954C7B} = {2E0F9011-578D-49DA-B2C0-B20244269A7B}
		{10B6E523-4259-4679-BB8C-5953D71F2352} = {2E0F9011-578D-49DA-B2C0-B20244269A7B}
		{D3F18D14-4720-4FA1-A537-96C5A383D185} = {2E0F9011-578D-49DA-B2C0-B20244269A7B}
		{88DB8425-396F-4924-A3A7-2CEE0AE29D09} = {B67AB370-E620-461E-9805-717AA031BB4E}
		{ACFDE031-4161-4C24-A97D-AFD83F631863} = {B67AB370-E620-461E-9805-717AA031BB4E}
		{F24F08F7-8455-4965-96D9-F027B12C508C} = {B67AB370-E620-461E-9805-717AA031BB4E}
		{4956F261-A2E5-4455-B7C0-0EDBB7362FDA} = {B67AB370-E620-461E-9805-717AA031BB4E}
		{56E5FF3D-3ABE-4EEF-B602-D6EB01285F2A} = {B67AB370-E620-461E-9805-717AA031BB4E}
		{B214875F-CA23-4171-AE5B-882402AAE3A9} = {B67AB370-E620-461E-9805-717AA031BB4E}
		{21A4A2B0-8677-4742-ACC4-5D6D3E5A476D} = {B67AB370-E620-461E-9805-717AA031BB4E}
		{5154D93F-95B3-4A7C-8372-4937F444D61E} = {36C91AEF-8C96-4A19-960B-C2FC1CE91729}
		{1C99BD9F-FA24-4639-9961-93E381983831} = {36C91AEF-8C96-4A19-960B-C2FC1CE91729}
		{ABFDED65-A0E0-4EE3-A88C-6C3D2A39B762} = {36C91AEF-8C96-4A19-960B-C2FC1CE91729}
		{B2219D95-8215-4EB3-835B-8FCFDF66FC2F} = {36C91AEF-8C96-4A19-960B-C2FC1CE91729}
		{EEE2931A-8FF5-4BDA-8405-82F5EF155A03} = {36C91AEF-8C96-4A19-960B-C2FC1CE91729}
		{4BE0C76D-7522-473D-AEE0-65BDF7BFDA6A} = {36C91AEF-8C96-4A19-960B-C2FC1CE91729}
		{2D011140-ACC4-41FE-BA6C-48183C0B99CA} = {71E092FE-3C6D-429A-833D-0F070A029E76}
		{36D1CA67-D497-4FE4-8C0C-73E0C48B6644} = {50A42E68-14B4-4159-B9EB-BBE4E63D46AB}
		{16D63256-EC81-4B21-AE2F-F4439C802251} = {41DDE532-6541-4B5B-91D5-ED824214511A}
		{95133591-30FB-426A-8CC0-942F1EA406CC} = {06D02E4E-85F2-4287-84A4-D89C62AF4A6E}
		{89B744E4-6DD1-4813-AA88-DD9DE98496FC} = {06D02E4E-85F2-4287-84A4-D89C62AF4A6E}
		{E8FF058A-3546-43D1-A76B-09B3D5626D3E} = {06D02E4E-85F2-4287-84A4-D89C62AF4A6E}
		{B2941292-533C-4E7B-951A-60F02E3989BD} = {06D02E4E-85F2-4287-84A4-D89C62AF4A6E}
	EndGlobalSection
	GlobalSection(ExtensibilityGlobals) = postSolution
		SolutionGuid = {6911EF25-A28A-4840-BCB8-4FD4542BCC91}
	EndGlobalSection
EndGlobal
