
Microsoft Visual Studio Solution File, Format Version 12.00
# Visual Studio 15
VisualStudioVersion = 15.0.27703.2042
MinimumVisualStudioVersion = 10.0.40219.1
Project("{9A19103F-16F7-4668-BE54-9A1E7A4F7556}") = "Authentication.Domain", "Authentication.Domain\Authentication.Domain.csproj", "{2B42E962-CEA7-4758-AC07-5BB6405F6953}"
EndProject
Project("{9A19103F-16F7-4668-BE54-9A1E7A4F7556}") = "Authentication.Persistence", "Authentication.Persistence\Authentication.Persistence.csproj", "{7504B7B2-11F7-4A9F-A4A1-28699187E3C7}"
EndProject
Project("{2150E333-8FDC-42A3-9474-1A3956D46DE8}") = "Common", "Common", "{79DBFCBE-67CD-487F-B2F7-F1A88C048919}"
EndProject
Project("{2150E333-8FDC-42A3-9474-1A3956D46DE8}") = "Persistence", "Persistence", "{0078ACE3-063A-47C7-A077-DA4EFC8AA181}"
EndProject
Project("{9A19103F-16F7-4668-BE54-9A1E7A4F7556}") = "Persistence.EntityFramework", "..\Persistence\Persistence.EntityFramework\Persistence.EntityFramework.csproj", "{FC8F455A-3E8F-44AD-9084-1EABE04A2372}"
EndProject
Project("{9A19103F-16F7-4668-BE54-9A1E7A4F7556}") = "Common.Domain", "..\Common\Common.Domain\Common.Domain.csproj", "{C3B2FB9B-CC04-4D81-9F39-C05164730795}"
EndProject
Project("{9A19103F-16F7-4668-BE54-9A1E7A4F7556}") = "Common.Resources", "..\Common\Common.Resources\Common.Resources.csproj", "{EDF6E22E-FE43-46DC-8EF0-C2F79E6CB6A7}"
EndProject
Project("{9A19103F-16F7-4668-BE54-9A1E7A4F7556}") = "Common.Api", "..\Common\Common.Api\Common.Api.csproj", "{4BA1A3BE-B734-4055-AE2A-57E712F6CEEE}"
EndProject
Project("{9A19103F-16F7-4668-BE54-9A1E7A4F7556}") = "Common.Setup", "..\Common\Common.Setup\Common.Setup.csproj", "{49551DE4-EFFE-4FBF-9843-FE1B4BA715B6}"
EndProject
Project("{2150E333-8FDC-42A3-9474-1A3956D46DE8}") = "DomainEvents", "DomainEvents", "{674229FE-30C5-45E9-9B7C-4DFA220EB669}"
EndProject
Project("{9A19103F-16F7-4668-BE54-9A1E7A4F7556}") = "DomainEvents.Broker", "..\DomainEvents\DomainEvents.Broker\DomainEvents.Broker.csproj", "{BD6B978D-0696-4572-9A49-2195A0F2CB8D}"
EndProject
Project("{2150E333-8FDC-42A3-9474-1A3956D46DE8}") = "Messaging", "Messaging", "{4802E3E9-E628-490A-BE87-033AE0A624FD}"
EndProject
Project("{9A19103F-16F7-4668-BE54-9A1E7A4F7556}") = "Messaging.RabbitMQ", "..\Messaging\Messaging.RabbitMQ\Messaging.RabbitMQ.csproj", "{73A11DDF-FA0E-4EDE-901C-ABFEF63EC498}"
EndProject
Project("{9A19103F-16F7-4668-BE54-9A1E7A4F7556}") = "Messaging.Setup", "..\Messaging\Messaging.Setup\Messaging.Setup.csproj", "{029F2E12-BDB3-4170-8070-1A99626FD141}"
EndProject
Project("{9A19103F-16F7-4668-BE54-9A1E7A4F7556}") = "Common.Api.Formats", "..\Common\Common.Api.Formats\Common.Api.Formats.csproj", "{9A303724-1BA0-4E99-8EF0-330CDE7F02D6}"
EndProject
Project("{9A19103F-16F7-4668-BE54-9A1E7A4F7556}") = "Authentication.Application", "Authentication.Application\Authentication.Application.csproj", "{BEE1801D-B717-4CDE-8019-673F31CA819F}"
EndProject
Project("{9A19103F-16F7-4668-BE54-9A1E7A4F7556}") = "Authentication.Setup", "Authentication.Setup\Authentication.Setup.csproj", "{B9A8D7E9-56AD-4875-9FD2-6DFA73213710}"
EndProject
Project("{9A19103F-16F7-4668-BE54-9A1E7A4F7556}") = "Authentication.Api", "Authentication.Api\Authentication.Api.csproj", "{ADAA7F45-ED8E-40C3-9E51-5826C0C727F2}"
EndProject
Project("{FAE04EC0-301F-11D3-BF4B-00C04F79EFBC}") = "Common.Application", "..\Common\Common.Application\Common.Application.csproj", "{4D1F7BED-D763-46CE-8F21-47FC4285C75D}"
EndProject
Project("{FAE04EC0-301F-11D3-BF4B-00C04F79EFBC}") = "Authorisation.Application", "..\Authorisation\Authorisation.Application\Authorisation.Application.csproj", "{D8D5DAC6-4A8F-4AEC-8C9D-8EF2EBF6FF5F}"
EndProject
Project("{FAE04EC0-301F-11D3-BF4B-00C04F79EFBC}") = "Gateway.Application", "Gateway.Application\Gateway.Application.csproj", "{93E9E08B-C081-45C9-8139-C0742B360581}"
EndProject
Project("{FAE04EC0-301F-11D3-BF4B-00C04F79EFBC}") = "Gateway.Setup", "Gateway.Setup\Gateway.Setup.csproj", "{1F52F051-D9E5-42D3-9DFE-B5E64362D042}"
EndProject
Project("{FAE04EC0-301F-11D3-BF4B-00C04F79EFBC}") = "Gateway.Persistence", "Gateway.Persistence\Gateway.Persistence.csproj", "{60474FBB-4C6E-4379-B89E-A53E9CC74342}"
EndProject
Project("{FAE04EC0-301F-11D3-BF4B-00C04F79EFBC}") = "Gateway.Domain", "Gateway.Domain\Gateway.Domain.csproj", "{2C941C08-2452-4927-A45D-AC547003576D}"
EndProject
Project("{FAE04EC0-301F-11D3-BF4B-00C04F79EFBC}") = "Gateway.Api", "Gateway.Api\Gateway.Api.csproj", "{AADA2EBC-D0AE-413B-8B22-B2EF16ED35AD}"
EndProject
Project("{FAE04EC0-301F-11D3-BF4B-00C04F79EFBC}") = "Vault.Setup", "Vault.Setup\Vault.Setup.csproj", "{99474705-286D-41F5-9D9F-81D1B65AE168}"
EndProject
Project("{FAE04EC0-301F-11D3-BF4B-00C04F79EFBC}") = "Vault.Application", "Vault.Application\Vault.Application.csproj", "{F1B2CE41-E083-4843-B69F-2D9DEEAC9E35}"
EndProject
Project("{FAE04EC0-301F-11D3-BF4B-00C04F79EFBC}") = "Vault.Api", "Vault.Api\Vault.Api.csproj", "{A58D46F0-95FD-426C-9F6B-58F87DFCFA4E}"
EndProject
Project("{2150E333-8FDC-42A3-9474-1A3956D46DE8}") = "Vault", "Vault", "{B923A1AC-3BB6-4510-A108-4CE5562B275D}"
EndProject
Project("{FAE04EC0-301F-11D3-BF4B-00C04F79EFBC}") = "Libs.Vault.Domain", "..\Vault\Libs.Vault.Domain\Libs.Vault.Domain.csproj", "{F67F7F43-AFBC-47BC-96DA-309E5A7F3204}"
EndProject
Project("{2150E333-8FDC-42A3-9474-1A3956D46DE8}") = "ReferenceData", "ReferenceData", "{08D93BF1-4C8C-4D45-882D-CB0EFF0C7E80}"
EndProject
Project("{FAE04EC0-301F-11D3-BF4B-00C04F79EFBC}") = "ReferenceData.Domain", "..\ReferenceData\ReferenceData.Domain\ReferenceData.Domain.csproj", "{D72CC06B-A643-454D-A516-3CF1EF0C7A3A}"
EndProject
Project("{FAE04EC0-301F-11D3-BF4B-00C04F79EFBC}") = "ReferenceData.Persistence", "..\ReferenceData\ReferenceData.Persistence\ReferenceData.Persistence.csproj", "{80DCE8DB-36FC-41CE-89B1-823AA9B90399}"
EndProject
Project("{FAE04EC0-301F-11D3-BF4B-00C04F79EFBC}") = "ReferenceData.Setup", "..\ReferenceData\ReferenceData.Setup\ReferenceData.Setup.csproj", "{2ACCFC90-ACBF-4792-9B36-A0BCE1317FB3}"
EndProject
Project("{FAE04EC0-301F-11D3-BF4B-00C04F79EFBC}") = "ReferenceData.Application", "..\ReferenceData\ReferenceData.Application\ReferenceData.Application.csproj", "{C44FD35D-4698-4353-80E9-EBC53F5DC45A}"
EndProject
Project("{FAE04EC0-301F-11D3-BF4B-00C04F79EFBC}") = "Notifications.Api", "Notifications.Api\Notifications.Api.csproj", "{33877363-E6CE-4458-9505-0E3B78107D22}"
EndProject
Project("{FAE04EC0-301F-11D3-BF4B-00C04F79EFBC}") = "Notifications.Application", "Notifications.Application\Notifications.Application.csproj", "{D4E4EBA7-2BD0-4463-B42D-A847F7324969}"
EndProject
Project("{FAE04EC0-301F-11D3-BF4B-00C04F79EFBC}") = "Notifications.Setup", "Notifications.Setup\Notifications.Setup.csproj", "{D4379B76-7F98-4A87-90CB-2E6101A1B4A5}"
EndProject
Project("{FAE04EC0-301F-11D3-BF4B-00C04F79EFBC}") = "Messaging.Messages", "..\Messaging\Messaging.Messages\Messaging.Messages.csproj", "{7A3D5A13-257F-4434-BCDA-61C594048CBF}"
EndProject
Project("{FAE04EC0-301F-11D3-BF4B-00C04F79EFBC}") = "Messaging.Common", "..\Messaging\Messaging.Common\Messaging.Common.csproj", "{DCF4C6BF-FDD0-400A-AA78-CF164DC97246}"
EndProject
Project("{FAE04EC0-301F-11D3-BF4B-00C04F79EFBC}") = "Authentication.Messages", "Authentication.Messages\Authentication.Messages.csproj", "{1B28B9FA-35AC-40F0-9904-F2B07B8703DB}"
EndProject
Project("{2150E333-8FDC-42A3-9474-1A3956D46DE8}") = "Authorisation", "Authorisation", "{85C5CE01-A1F7-483F-90AE-E330DC948D0A}"
EndProject
Project("{FAE04EC0-301F-11D3-BF4B-00C04F79EFBC}") = "Persistence.Setup", "..\Persistence\Persistence.Setup\Persistence.Setup.csproj", "{19B3CD4A-7E9A-45C8-89B0-31BFF6724BA4}"
EndProject
Project("{FAE04EC0-301F-11D3-BF4B-00C04F79EFBC}") = "DomainEvents.Setup", "..\DomainEvents\DomainEvents.Setup\DomainEvents.Setup.csproj", "{47C35ECA-B3DE-44DE-A720-2A843DC229EC}"
EndProject
Project("{FAE04EC0-301F-11D3-BF4B-00C04F79EFBC}") = "Authorisation.Setup", "..\Authorisation\Authorisation.Setup\Authorisation.Setup.csproj", "{5829C1A9-3E24-4584-A4A1-89CC4E1A22CD}"
EndProject
Project("{FAE04EC0-301F-11D3-BF4B-00C04F79EFBC}") = "Authorisation.Common", "..\Authorisation\Authorisation.Common\Authorisation.Common.csproj", "{FB01218A-D6CD-442A-AF49-5662FC18D5BD}"
EndProject
Project("{FAE04EC0-301F-11D3-BF4B-00C04F79EFBC}") = "Libs.Vault.Setup", "..\Vault\Libs.Vault.Setup\Libs.Vault.Setup.csproj", "{FDD4DB0B-8EEA-4861-9D0F-F5F5A86812F6}"
EndProject
Project("{FAE04EC0-301F-11D3-BF4B-00C04F79EFBC}") = "Libs.Vault.Application", "..\Vault\Libs.Vault.Application\Libs.Vault.Application.csproj", "{7E9560AC-7A4F-4535-BDA0-8D9F967CCE51}"
EndProject
Project("{FAE04EC0-301F-11D3-BF4B-00C04F79EFBC}") = "Libs.Vault.Persistence", "..\Vault\Libs.Vault.Persistence\Libs.Vault.Persistence.csproj", "{D3223FFA-7111-4CC5-A81A-05504DFABC3A}"
EndProject
Project("{2150E333-8FDC-42A3-9474-1A3956D46DE8}") = "Configuration", "Configuration", "{1B191D18-8BCE-41EB-B041-71FC1916C9A3}"
EndProject
Project("{FAE04EC0-301F-11D3-BF4B-00C04F79EFBC}") = "Configuration.Secrets", "..\Configuration\Configuration.Secrets\Configuration.Secrets.csproj", "{E660EF94-4D95-4972-8CE2-5DA7F8E52149}"
EndProject
Global
	GlobalSection(SolutionConfigurationPlatforms) = preSolution
		Debug|Any CPU = Debug|Any CPU
		Release|Any CPU = Release|Any CPU
	EndGlobalSection
	GlobalSection(ProjectConfigurationPlatforms) = postSolution
		{2B42E962-CEA7-4758-AC07-5BB6405F6953}.Debug|Any CPU.ActiveCfg = Debug|Any CPU
		{2B42E962-CEA7-4758-AC07-5BB6405F6953}.Debug|Any CPU.Build.0 = Debug|Any CPU
		{2B42E962-CEA7-4758-AC07-5BB6405F6953}.Release|Any CPU.ActiveCfg = Release|Any CPU
		{2B42E962-CEA7-4758-AC07-5BB6405F6953}.Release|Any CPU.Build.0 = Release|Any CPU
		{7504B7B2-11F7-4A9F-A4A1-28699187E3C7}.Debug|Any CPU.ActiveCfg = Debug|Any CPU
		{7504B7B2-11F7-4A9F-A4A1-28699187E3C7}.Debug|Any CPU.Build.0 = Debug|Any CPU
		{7504B7B2-11F7-4A9F-A4A1-28699187E3C7}.Release|Any CPU.ActiveCfg = Release|Any CPU
		{7504B7B2-11F7-4A9F-A4A1-28699187E3C7}.Release|Any CPU.Build.0 = Release|Any CPU
		{FC8F455A-3E8F-44AD-9084-1EABE04A2372}.Debug|Any CPU.ActiveCfg = Debug|Any CPU
		{FC8F455A-3E8F-44AD-9084-1EABE04A2372}.Debug|Any CPU.Build.0 = Debug|Any CPU
		{FC8F455A-3E8F-44AD-9084-1EABE04A2372}.Release|Any CPU.ActiveCfg = Release|Any CPU
		{FC8F455A-3E8F-44AD-9084-1EABE04A2372}.Release|Any CPU.Build.0 = Release|Any CPU
		{C3B2FB9B-CC04-4D81-9F39-C05164730795}.Debug|Any CPU.ActiveCfg = Debug|Any CPU
		{C3B2FB9B-CC04-4D81-9F39-C05164730795}.Debug|Any CPU.Build.0 = Debug|Any CPU
		{C3B2FB9B-CC04-4D81-9F39-C05164730795}.Release|Any CPU.ActiveCfg = Release|Any CPU
		{C3B2FB9B-CC04-4D81-9F39-C05164730795}.Release|Any CPU.Build.0 = Release|Any CPU
		{EDF6E22E-FE43-46DC-8EF0-C2F79E6CB6A7}.Debug|Any CPU.ActiveCfg = Debug|Any CPU
		{EDF6E22E-FE43-46DC-8EF0-C2F79E6CB6A7}.Debug|Any CPU.Build.0 = Debug|Any CPU
		{EDF6E22E-FE43-46DC-8EF0-C2F79E6CB6A7}.Release|Any CPU.ActiveCfg = Release|Any CPU
		{EDF6E22E-FE43-46DC-8EF0-C2F79E6CB6A7}.Release|Any CPU.Build.0 = Release|Any CPU
		{4BA1A3BE-B734-4055-AE2A-57E712F6CEEE}.Debug|Any CPU.ActiveCfg = Debug|Any CPU
		{4BA1A3BE-B734-4055-AE2A-57E712F6CEEE}.Debug|Any CPU.Build.0 = Debug|Any CPU
		{4BA1A3BE-B734-4055-AE2A-57E712F6CEEE}.Release|Any CPU.ActiveCfg = Release|Any CPU
		{4BA1A3BE-B734-4055-AE2A-57E712F6CEEE}.Release|Any CPU.Build.0 = Release|Any CPU
		{49551DE4-EFFE-4FBF-9843-FE1B4BA715B6}.Debug|Any CPU.ActiveCfg = Debug|Any CPU
		{49551DE4-EFFE-4FBF-9843-FE1B4BA715B6}.Debug|Any CPU.Build.0 = Debug|Any CPU
		{49551DE4-EFFE-4FBF-9843-FE1B4BA715B6}.Release|Any CPU.ActiveCfg = Release|Any CPU
		{49551DE4-EFFE-4FBF-9843-FE1B4BA715B6}.Release|Any CPU.Build.0 = Release|Any CPU
		{BD6B978D-0696-4572-9A49-2195A0F2CB8D}.Debug|Any CPU.ActiveCfg = Debug|Any CPU
		{BD6B978D-0696-4572-9A49-2195A0F2CB8D}.Debug|Any CPU.Build.0 = Debug|Any CPU
		{BD6B978D-0696-4572-9A49-2195A0F2CB8D}.Release|Any CPU.ActiveCfg = Release|Any CPU
		{BD6B978D-0696-4572-9A49-2195A0F2CB8D}.Release|Any CPU.Build.0 = Release|Any CPU
		{73A11DDF-FA0E-4EDE-901C-ABFEF63EC498}.Debug|Any CPU.ActiveCfg = Debug|Any CPU
		{73A11DDF-FA0E-4EDE-901C-ABFEF63EC498}.Debug|Any CPU.Build.0 = Debug|Any CPU
		{73A11DDF-FA0E-4EDE-901C-ABFEF63EC498}.Release|Any CPU.ActiveCfg = Release|Any CPU
		{73A11DDF-FA0E-4EDE-901C-ABFEF63EC498}.Release|Any CPU.Build.0 = Release|Any CPU
		{029F2E12-BDB3-4170-8070-1A99626FD141}.Debug|Any CPU.ActiveCfg = Debug|Any CPU
		{029F2E12-BDB3-4170-8070-1A99626FD141}.Debug|Any CPU.Build.0 = Debug|Any CPU
		{029F2E12-BDB3-4170-8070-1A99626FD141}.Release|Any CPU.ActiveCfg = Release|Any CPU
		{029F2E12-BDB3-4170-8070-1A99626FD141}.Release|Any CPU.Build.0 = Release|Any CPU
		{9A303724-1BA0-4E99-8EF0-330CDE7F02D6}.Debug|Any CPU.ActiveCfg = Debug|Any CPU
		{9A303724-1BA0-4E99-8EF0-330CDE7F02D6}.Debug|Any CPU.Build.0 = Debug|Any CPU
		{9A303724-1BA0-4E99-8EF0-330CDE7F02D6}.Release|Any CPU.ActiveCfg = Release|Any CPU
		{9A303724-1BA0-4E99-8EF0-330CDE7F02D6}.Release|Any CPU.Build.0 = Release|Any CPU
		{BEE1801D-B717-4CDE-8019-673F31CA819F}.Debug|Any CPU.ActiveCfg = Debug|Any CPU
		{BEE1801D-B717-4CDE-8019-673F31CA819F}.Debug|Any CPU.Build.0 = Debug|Any CPU
		{BEE1801D-B717-4CDE-8019-673F31CA819F}.Release|Any CPU.ActiveCfg = Release|Any CPU
		{BEE1801D-B717-4CDE-8019-673F31CA819F}.Release|Any CPU.Build.0 = Release|Any CPU
		{B9A8D7E9-56AD-4875-9FD2-6DFA73213710}.Debug|Any CPU.ActiveCfg = Debug|Any CPU
		{B9A8D7E9-56AD-4875-9FD2-6DFA73213710}.Debug|Any CPU.Build.0 = Debug|Any CPU
		{B9A8D7E9-56AD-4875-9FD2-6DFA73213710}.Release|Any CPU.ActiveCfg = Release|Any CPU
		{B9A8D7E9-56AD-4875-9FD2-6DFA73213710}.Release|Any CPU.Build.0 = Release|Any CPU
		{ADAA7F45-ED8E-40C3-9E51-5826C0C727F2}.Debug|Any CPU.ActiveCfg = Debug|Any CPU
		{ADAA7F45-ED8E-40C3-9E51-5826C0C727F2}.Debug|Any CPU.Build.0 = Debug|Any CPU
		{ADAA7F45-ED8E-40C3-9E51-5826C0C727F2}.Release|Any CPU.ActiveCfg = Release|Any CPU
		{ADAA7F45-ED8E-40C3-9E51-5826C0C727F2}.Release|Any CPU.Build.0 = Release|Any CPU
		{4D1F7BED-D763-46CE-8F21-47FC4285C75D}.Debug|Any CPU.ActiveCfg = Debug|Any CPU
		{4D1F7BED-D763-46CE-8F21-47FC4285C75D}.Debug|Any CPU.Build.0 = Debug|Any CPU
		{4D1F7BED-D763-46CE-8F21-47FC4285C75D}.Release|Any CPU.ActiveCfg = Release|Any CPU
		{4D1F7BED-D763-46CE-8F21-47FC4285C75D}.Release|Any CPU.Build.0 = Release|Any CPU
		{D8D5DAC6-4A8F-4AEC-8C9D-8EF2EBF6FF5F}.Debug|Any CPU.ActiveCfg = Debug|Any CPU
		{D8D5DAC6-4A8F-4AEC-8C9D-8EF2EBF6FF5F}.Debug|Any CPU.Build.0 = Debug|Any CPU
		{D8D5DAC6-4A8F-4AEC-8C9D-8EF2EBF6FF5F}.Release|Any CPU.ActiveCfg = Release|Any CPU
		{D8D5DAC6-4A8F-4AEC-8C9D-8EF2EBF6FF5F}.Release|Any CPU.Build.0 = Release|Any CPU
		{93E9E08B-C081-45C9-8139-C0742B360581}.Debug|Any CPU.ActiveCfg = Debug|Any CPU
		{93E9E08B-C081-45C9-8139-C0742B360581}.Debug|Any CPU.Build.0 = Debug|Any CPU
		{93E9E08B-C081-45C9-8139-C0742B360581}.Release|Any CPU.ActiveCfg = Release|Any CPU
		{93E9E08B-C081-45C9-8139-C0742B360581}.Release|Any CPU.Build.0 = Release|Any CPU
		{1F52F051-D9E5-42D3-9DFE-B5E64362D042}.Debug|Any CPU.ActiveCfg = Debug|Any CPU
		{1F52F051-D9E5-42D3-9DFE-B5E64362D042}.Debug|Any CPU.Build.0 = Debug|Any CPU
		{1F52F051-D9E5-42D3-9DFE-B5E64362D042}.Release|Any CPU.ActiveCfg = Release|Any CPU
		{1F52F051-D9E5-42D3-9DFE-B5E64362D042}.Release|Any CPU.Build.0 = Release|Any CPU
		{60474FBB-4C6E-4379-B89E-A53E9CC74342}.Debug|Any CPU.ActiveCfg = Debug|Any CPU
		{60474FBB-4C6E-4379-B89E-A53E9CC74342}.Debug|Any CPU.Build.0 = Debug|Any CPU
		{60474FBB-4C6E-4379-B89E-A53E9CC74342}.Release|Any CPU.ActiveCfg = Release|Any CPU
		{60474FBB-4C6E-4379-B89E-A53E9CC74342}.Release|Any CPU.Build.0 = Release|Any CPU
		{2C941C08-2452-4927-A45D-AC547003576D}.Debug|Any CPU.ActiveCfg = Debug|Any CPU
		{2C941C08-2452-4927-A45D-AC547003576D}.Debug|Any CPU.Build.0 = Debug|Any CPU
		{2C941C08-2452-4927-A45D-AC547003576D}.Release|Any CPU.ActiveCfg = Release|Any CPU
		{2C941C08-2452-4927-A45D-AC547003576D}.Release|Any CPU.Build.0 = Release|Any CPU
		{AADA2EBC-D0AE-413B-8B22-B2EF16ED35AD}.Debug|Any CPU.ActiveCfg = Debug|Any CPU
		{AADA2EBC-D0AE-413B-8B22-B2EF16ED35AD}.Debug|Any CPU.Build.0 = Debug|Any CPU
		{AADA2EBC-D0AE-413B-8B22-B2EF16ED35AD}.Release|Any CPU.ActiveCfg = Release|Any CPU
		{AADA2EBC-D0AE-413B-8B22-B2EF16ED35AD}.Release|Any CPU.Build.0 = Release|Any CPU
		{99474705-286D-41F5-9D9F-81D1B65AE168}.Debug|Any CPU.ActiveCfg = Debug|Any CPU
		{99474705-286D-41F5-9D9F-81D1B65AE168}.Debug|Any CPU.Build.0 = Debug|Any CPU
		{99474705-286D-41F5-9D9F-81D1B65AE168}.Release|Any CPU.ActiveCfg = Release|Any CPU
		{99474705-286D-41F5-9D9F-81D1B65AE168}.Release|Any CPU.Build.0 = Release|Any CPU
		{F1B2CE41-E083-4843-B69F-2D9DEEAC9E35}.Debug|Any CPU.ActiveCfg = Debug|Any CPU
		{F1B2CE41-E083-4843-B69F-2D9DEEAC9E35}.Debug|Any CPU.Build.0 = Debug|Any CPU
		{F1B2CE41-E083-4843-B69F-2D9DEEAC9E35}.Release|Any CPU.ActiveCfg = Release|Any CPU
		{F1B2CE41-E083-4843-B69F-2D9DEEAC9E35}.Release|Any CPU.Build.0 = Release|Any CPU
		{A58D46F0-95FD-426C-9F6B-58F87DFCFA4E}.Debug|Any CPU.ActiveCfg = Debug|Any CPU
		{A58D46F0-95FD-426C-9F6B-58F87DFCFA4E}.Debug|Any CPU.Build.0 = Debug|Any CPU
		{A58D46F0-95FD-426C-9F6B-58F87DFCFA4E}.Release|Any CPU.ActiveCfg = Release|Any CPU
		{A58D46F0-95FD-426C-9F6B-58F87DFCFA4E}.Release|Any CPU.Build.0 = Release|Any CPU
		{F67F7F43-AFBC-47BC-96DA-309E5A7F3204}.Debug|Any CPU.ActiveCfg = Debug|Any CPU
		{F67F7F43-AFBC-47BC-96DA-309E5A7F3204}.Debug|Any CPU.Build.0 = Debug|Any CPU
		{F67F7F43-AFBC-47BC-96DA-309E5A7F3204}.Release|Any CPU.ActiveCfg = Release|Any CPU
		{F67F7F43-AFBC-47BC-96DA-309E5A7F3204}.Release|Any CPU.Build.0 = Release|Any CPU
		{D72CC06B-A643-454D-A516-3CF1EF0C7A3A}.Debug|Any CPU.ActiveCfg = Debug|Any CPU
		{D72CC06B-A643-454D-A516-3CF1EF0C7A3A}.Debug|Any CPU.Build.0 = Debug|Any CPU
		{D72CC06B-A643-454D-A516-3CF1EF0C7A3A}.Release|Any CPU.ActiveCfg = Release|Any CPU
		{D72CC06B-A643-454D-A516-3CF1EF0C7A3A}.Release|Any CPU.Build.0 = Release|Any CPU
		{80DCE8DB-36FC-41CE-89B1-823AA9B90399}.Debug|Any CPU.ActiveCfg = Debug|Any CPU
		{80DCE8DB-36FC-41CE-89B1-823AA9B90399}.Debug|Any CPU.Build.0 = Debug|Any CPU
		{80DCE8DB-36FC-41CE-89B1-823AA9B90399}.Release|Any CPU.ActiveCfg = Release|Any CPU
		{80DCE8DB-36FC-41CE-89B1-823AA9B90399}.Release|Any CPU.Build.0 = Release|Any CPU
		{2ACCFC90-ACBF-4792-9B36-A0BCE1317FB3}.Debug|Any CPU.ActiveCfg = Debug|Any CPU
		{2ACCFC90-ACBF-4792-9B36-A0BCE1317FB3}.Debug|Any CPU.Build.0 = Debug|Any CPU
		{2ACCFC90-ACBF-4792-9B36-A0BCE1317FB3}.Release|Any CPU.ActiveCfg = Release|Any CPU
		{2ACCFC90-ACBF-4792-9B36-A0BCE1317FB3}.Release|Any CPU.Build.0 = Release|Any CPU
		{C44FD35D-4698-4353-80E9-EBC53F5DC45A}.Debug|Any CPU.ActiveCfg = Debug|Any CPU
		{C44FD35D-4698-4353-80E9-EBC53F5DC45A}.Debug|Any CPU.Build.0 = Debug|Any CPU
		{C44FD35D-4698-4353-80E9-EBC53F5DC45A}.Release|Any CPU.ActiveCfg = Release|Any CPU
		{C44FD35D-4698-4353-80E9-EBC53F5DC45A}.Release|Any CPU.Build.0 = Release|Any CPU
		{33877363-E6CE-4458-9505-0E3B78107D22}.Debug|Any CPU.ActiveCfg = Debug|Any CPU
		{33877363-E6CE-4458-9505-0E3B78107D22}.Debug|Any CPU.Build.0 = Debug|Any CPU
		{33877363-E6CE-4458-9505-0E3B78107D22}.Release|Any CPU.ActiveCfg = Release|Any CPU
		{33877363-E6CE-4458-9505-0E3B78107D22}.Release|Any CPU.Build.0 = Release|Any CPU
		{D4E4EBA7-2BD0-4463-B42D-A847F7324969}.Debug|Any CPU.ActiveCfg = Debug|Any CPU
		{D4E4EBA7-2BD0-4463-B42D-A847F7324969}.Debug|Any CPU.Build.0 = Debug|Any CPU
		{D4E4EBA7-2BD0-4463-B42D-A847F7324969}.Release|Any CPU.ActiveCfg = Release|Any CPU
		{D4E4EBA7-2BD0-4463-B42D-A847F7324969}.Release|Any CPU.Build.0 = Release|Any CPU
		{D4379B76-7F98-4A87-90CB-2E6101A1B4A5}.Debug|Any CPU.ActiveCfg = Debug|Any CPU
		{D4379B76-7F98-4A87-90CB-2E6101A1B4A5}.Debug|Any CPU.Build.0 = Debug|Any CPU
		{D4379B76-7F98-4A87-90CB-2E6101A1B4A5}.Release|Any CPU.ActiveCfg = Release|Any CPU
		{D4379B76-7F98-4A87-90CB-2E6101A1B4A5}.Release|Any CPU.Build.0 = Release|Any CPU
		{7A3D5A13-257F-4434-BCDA-61C594048CBF}.Debug|Any CPU.ActiveCfg = Debug|Any CPU
		{7A3D5A13-257F-4434-BCDA-61C594048CBF}.Debug|Any CPU.Build.0 = Debug|Any CPU
		{7A3D5A13-257F-4434-BCDA-61C594048CBF}.Release|Any CPU.ActiveCfg = Release|Any CPU
		{7A3D5A13-257F-4434-BCDA-61C594048CBF}.Release|Any CPU.Build.0 = Release|Any CPU
		{DCF4C6BF-FDD0-400A-AA78-CF164DC97246}.Debug|Any CPU.ActiveCfg = Debug|Any CPU
		{DCF4C6BF-FDD0-400A-AA78-CF164DC97246}.Debug|Any CPU.Build.0 = Debug|Any CPU
		{DCF4C6BF-FDD0-400A-AA78-CF164DC97246}.Release|Any CPU.ActiveCfg = Release|Any CPU
		{DCF4C6BF-FDD0-400A-AA78-CF164DC97246}.Release|Any CPU.Build.0 = Release|Any CPU
		{1B28B9FA-35AC-40F0-9904-F2B07B8703DB}.Debug|Any CPU.ActiveCfg = Debug|Any CPU
		{1B28B9FA-35AC-40F0-9904-F2B07B8703DB}.Debug|Any CPU.Build.0 = Debug|Any CPU
		{1B28B9FA-35AC-40F0-9904-F2B07B8703DB}.Release|Any CPU.ActiveCfg = Release|Any CPU
		{1B28B9FA-35AC-40F0-9904-F2B07B8703DB}.Release|Any CPU.Build.0 = Release|Any CPU
		{19B3CD4A-7E9A-45C8-89B0-31BFF6724BA4}.Debug|Any CPU.ActiveCfg = Debug|Any CPU
		{19B3CD4A-7E9A-45C8-89B0-31BFF6724BA4}.Debug|Any CPU.Build.0 = Debug|Any CPU
		{19B3CD4A-7E9A-45C8-89B0-31BFF6724BA4}.Release|Any CPU.ActiveCfg = Release|Any CPU
		{19B3CD4A-7E9A-45C8-89B0-31BFF6724BA4}.Release|Any CPU.Build.0 = Release|Any CPU
		{47C35ECA-B3DE-44DE-A720-2A843DC229EC}.Debug|Any CPU.ActiveCfg = Debug|Any CPU
		{47C35ECA-B3DE-44DE-A720-2A843DC229EC}.Debug|Any CPU.Build.0 = Debug|Any CPU
		{47C35ECA-B3DE-44DE-A720-2A843DC229EC}.Release|Any CPU.ActiveCfg = Release|Any CPU
		{47C35ECA-B3DE-44DE-A720-2A843DC229EC}.Release|Any CPU.Build.0 = Release|Any CPU
		{5829C1A9-3E24-4584-A4A1-89CC4E1A22CD}.Debug|Any CPU.ActiveCfg = Debug|Any CPU
		{5829C1A9-3E24-4584-A4A1-89CC4E1A22CD}.Debug|Any CPU.Build.0 = Debug|Any CPU
		{5829C1A9-3E24-4584-A4A1-89CC4E1A22CD}.Release|Any CPU.ActiveCfg = Release|Any CPU
		{5829C1A9-3E24-4584-A4A1-89CC4E1A22CD}.Release|Any CPU.Build.0 = Release|Any CPU
		{FB01218A-D6CD-442A-AF49-5662FC18D5BD}.Debug|Any CPU.ActiveCfg = Debug|Any CPU
		{FB01218A-D6CD-442A-AF49-5662FC18D5BD}.Debug|Any CPU.Build.0 = Debug|Any CPU
		{FB01218A-D6CD-442A-AF49-5662FC18D5BD}.Release|Any CPU.ActiveCfg = Release|Any CPU
		{FB01218A-D6CD-442A-AF49-5662FC18D5BD}.Release|Any CPU.Build.0 = Release|Any CPU
		{FDD4DB0B-8EEA-4861-9D0F-F5F5A86812F6}.Debug|Any CPU.ActiveCfg = Debug|Any CPU
		{FDD4DB0B-8EEA-4861-9D0F-F5F5A86812F6}.Debug|Any CPU.Build.0 = Debug|Any CPU
		{FDD4DB0B-8EEA-4861-9D0F-F5F5A86812F6}.Release|Any CPU.ActiveCfg = Release|Any CPU
		{FDD4DB0B-8EEA-4861-9D0F-F5F5A86812F6}.Release|Any CPU.Build.0 = Release|Any CPU
		{7E9560AC-7A4F-4535-BDA0-8D9F967CCE51}.Debug|Any CPU.ActiveCfg = Debug|Any CPU
		{7E9560AC-7A4F-4535-BDA0-8D9F967CCE51}.Debug|Any CPU.Build.0 = Debug|Any CPU
		{7E9560AC-7A4F-4535-BDA0-8D9F967CCE51}.Release|Any CPU.ActiveCfg = Release|Any CPU
		{7E9560AC-7A4F-4535-BDA0-8D9F967CCE51}.Release|Any CPU.Build.0 = Release|Any CPU
		{D3223FFA-7111-4CC5-A81A-05504DFABC3A}.Debug|Any CPU.ActiveCfg = Debug|Any CPU
		{D3223FFA-7111-4CC5-A81A-05504DFABC3A}.Debug|Any CPU.Build.0 = Debug|Any CPU
		{D3223FFA-7111-4CC5-A81A-05504DFABC3A}.Release|Any CPU.ActiveCfg = Release|Any CPU
		{D3223FFA-7111-4CC5-A81A-05504DFABC3A}.Release|Any CPU.Build.0 = Release|Any CPU
		{E660EF94-4D95-4972-8CE2-5DA7F8E52149}.Debug|Any CPU.ActiveCfg = Debug|Any CPU
		{E660EF94-4D95-4972-8CE2-5DA7F8E52149}.Debug|Any CPU.Build.0 = Debug|Any CPU
		{E660EF94-4D95-4972-8CE2-5DA7F8E52149}.Release|Any CPU.ActiveCfg = Release|Any CPU
		{E660EF94-4D95-4972-8CE2-5DA7F8E52149}.Release|Any CPU.Build.0 = Release|Any CPU
	EndGlobalSection
	GlobalSection(SolutionProperties) = preSolution
		HideSolutionNode = FALSE
	EndGlobalSection
	GlobalSection(NestedProjects) = preSolution
		{FC8F455A-3E8F-44AD-9084-1EABE04A2372} = {0078ACE3-063A-47C7-A077-DA4EFC8AA181}
		{C3B2FB9B-CC04-4D81-9F39-C05164730795} = {79DBFCBE-67CD-487F-B2F7-F1A88C048919}
		{EDF6E22E-FE43-46DC-8EF0-C2F79E6CB6A7} = {79DBFCBE-67CD-487F-B2F7-F1A88C048919}
		{4BA1A3BE-B734-4055-AE2A-57E712F6CEEE} = {79DBFCBE-67CD-487F-B2F7-F1A88C048919}
		{49551DE4-EFFE-4FBF-9843-FE1B4BA715B6} = {79DBFCBE-67CD-487F-B2F7-F1A88C048919}
		{BD6B978D-0696-4572-9A49-2195A0F2CB8D} = {674229FE-30C5-45E9-9B7C-4DFA220EB669}
		{73A11DDF-FA0E-4EDE-901C-ABFEF63EC498} = {4802E3E9-E628-490A-BE87-033AE0A624FD}
		{9A303724-1BA0-4E99-8EF0-330CDE7F02D6} = {79DBFCBE-67CD-487F-B2F7-F1A88C048919}
		{4D1F7BED-D763-46CE-8F21-47FC4285C75D} = {79DBFCBE-67CD-487F-B2F7-F1A88C048919}
		{F67F7F43-AFBC-47BC-96DA-309E5A7F3204} = {B923A1AC-3BB6-4510-A108-4CE5562B275D}
		{D72CC06B-A643-454D-A516-3CF1EF0C7A3A} = {08D93BF1-4C8C-4D45-882D-CB0EFF0C7E80}
		{80DCE8DB-36FC-41CE-89B1-823AA9B90399} = {08D93BF1-4C8C-4D45-882D-CB0EFF0C7E80}
		{2ACCFC90-ACBF-4792-9B36-A0BCE1317FB3} = {08D93BF1-4C8C-4D45-882D-CB0EFF0C7E80}
		{C44FD35D-4698-4353-80E9-EBC53F5DC45A} = {08D93BF1-4C8C-4D45-882D-CB0EFF0C7E80}
		{029F2E12-BDB3-4170-8070-1A99626FD141} = {4802E3E9-E628-490A-BE87-033AE0A624FD}
		{7A3D5A13-257F-4434-BCDA-61C594048CBF} = {4802E3E9-E628-490A-BE87-033AE0A624FD}
		{DCF4C6BF-FDD0-400A-AA78-CF164DC97246} = {4802E3E9-E628-490A-BE87-033AE0A624FD}
		{D8D5DAC6-4A8F-4AEC-8C9D-8EF2EBF6FF5F} = {85C5CE01-A1F7-483F-90AE-E330DC948D0A}
		{19B3CD4A-7E9A-45C8-89B0-31BFF6724BA4} = {0078ACE3-063A-47C7-A077-DA4EFC8AA181}
		{47C35ECA-B3DE-44DE-A720-2A843DC229EC} = {674229FE-30C5-45E9-9B7C-4DFA220EB669}
		{5829C1A9-3E24-4584-A4A1-89CC4E1A22CD} = {85C5CE01-A1F7-483F-90AE-E330DC948D0A}
		{FB01218A-D6CD-442A-AF49-5662FC18D5BD} = {85C5CE01-A1F7-483F-90AE-E330DC948D0A}
		{FDD4DB0B-8EEA-4861-9D0F-F5F5A86812F6} = {B923A1AC-3BB6-4510-A108-4CE5562B275D}
		{7E9560AC-7A4F-4535-BDA0-8D9F967CCE51} = {B923A1AC-3BB6-4510-A108-4CE5562B275D}
		{D3223FFA-7111-4CC5-A81A-05504DFABC3A} = {B923A1AC-3BB6-4510-A108-4CE5562B275D}
		{E660EF94-4D95-4972-8CE2-5DA7F8E52149} = {1B191D18-8BCE-41EB-B041-71FC1916C9A3}
	EndGlobalSection
	GlobalSection(ExtensibilityGlobals) = postSolution
		SolutionGuid = {3537C8D6-D792-492E-ACF4-8DDD1AA19555}
	EndGlobalSection
EndGlobal
