
Microsoft Visual Studio Solution File, Format Version 12.00
# Visual Studio 15
VisualStudioVersion = 15.0.27703.2042
MinimumVisualStudioVersion = 10.0.40219.1
Project("{9A19103F-16F7-4668-BE54-9A1E7A4F7556}") = "Authentication.Domain", "Authentication.Domain\Authentication.Domain.csproj", "{2B42E962-CEA7-4758-AC07-5BB6405F6953}"
EndProject
Project("{9A19103F-16F7-4668-BE54-9A1E7A4F7556}") = "Authentication.Persistence", "Authentication.Persistence\Authentication.Persistence.csproj", "{7504B7B2-11F7-4A9F-A4A1-28699187E3C7}"
EndProject
Project("{2150E333-8FDC-42A3-9474-1A3956D46DE8}") = "Common", "Common", "{79DBFCBE-67CD-487F-B2F7-F1A88C048919}"
EndProject
Project("{2150E333-8FDC-42A3-9474-1A3956D46DE8}") = "Persistence", "Persistence", "{0078ACE3-063A-47C7-A077-DA4EFC8AA181}"
EndProject
Project("{9A19103F-16F7-4668-BE54-9A1E7A4F7556}") = "Persistence.EntityFramework", "..\Persistence\Persistence.EntityFramework\Persistence.EntityFramework.csproj", "{FC8F455A-3E8F-44AD-9084-1EABE04A2372}"
EndProject
Project("{9A19103F-16F7-4668-BE54-9A1E7A4F7556}") = "Common.Domain", "..\Common\Common.Domain\Common.Domain.csproj", "{C3B2FB9B-CC04-4D81-9F39-C05164730795}"
EndProject
Project("{9A19103F-16F7-4668-BE54-9A1E7A4F7556}") = "Common.Resources", "..\Common\Common.Resources\Common.Resources.csproj", "{EDF6E22E-FE43-46DC-8EF0-C2F79E6CB6A7}"
EndProject
Project("{9A19103F-16F7-4668-BE54-9A1E7A4F7556}") = "Common.Api", "..\Common\Common.Api\Common.Api.csproj", "{4BA1A3BE-B734-4055-AE2A-57E712F6CEEE}"
EndProject
Project("{9A19103F-16F7-4668-BE54-9A1E7A4F7556}") = "Common.Setup", "..\Common\Common.Setup\Common.Setup.csproj", "{49551DE4-EFFE-4FBF-9843-FE1B4BA715B6}"
EndProject
Project("{2150E333-8FDC-42A3-9474-1A3956D46DE8}") = "DomainEvents", "DomainEvents", "{674229FE-30C5-45E9-9B7C-4DFA220EB669}"
EndProject
Project("{9A19103F-16F7-4668-BE54-9A1E7A4F7556}") = "DomainEvent.Broker", "..\DomainEvents\DomainEvent.Broker\DomainEvent.Broker.csproj", "{BD6B978D-0696-4572-9A49-2195A0F2CB8D}"
EndProject
Project("{2150E333-8FDC-42A3-9474-1A3956D46DE8}") = "Messaging", "Messaging", "{4802E3E9-E628-490A-BE87-033AE0A624FD}"
EndProject
Project("{9A19103F-16F7-4668-BE54-9A1E7A4F7556}") = "Messaging.Broker", "..\Messaging\Messaging.Broker\Messaging.Broker.csproj", "{73A11DDF-FA0E-4EDE-901C-ABFEF63EC498}"
EndProject
Project("{9A19103F-16F7-4668-BE54-9A1E7A4F7556}") = "Common.Messaging", "..\Common\Common.Messaging\Common.Messaging.csproj", "{029F2E12-BDB3-4170-8070-1A99626FD141}"
EndProject
Project("{9A19103F-16F7-4668-BE54-9A1E7A4F7556}") = "Common.Api.Formats", "..\Common\Common.Api.Formats\Common.Api.Formats.csproj", "{9A303724-1BA0-4E99-8EF0-330CDE7F02D6}"
EndProject
Project("{9A19103F-16F7-4668-BE54-9A1E7A4F7556}") = "Authentication.ApplicationServices", "Authentication.ApplicationServices\Authentication.ApplicationServices.csproj", "{BEE1801D-B717-4CDE-8019-673F31CA819F}"
EndProject
Project("{9A19103F-16F7-4668-BE54-9A1E7A4F7556}") = "Authentication.Setup", "Authentication.Setup\Authentication.Setup.csproj", "{B9A8D7E9-56AD-4875-9FD2-6DFA73213710}"
EndProject
Project("{9A19103F-16F7-4668-BE54-9A1E7A4F7556}") = "Authentication.Api", "Authentication.Api\Authentication.Api.csproj", "{ADAA7F45-ED8E-40C3-9E51-5826C0C727F2}"
EndProject
Project("{FAE04EC0-301F-11D3-BF4B-00C04F79EFBC}") = "Common.ApplicationServices", "..\Common\Common.ApplicationServices\Common.ApplicationServices.csproj", "{4D1F7BED-D763-46CE-8F21-47FC4285C75D}"
EndProject
Project("{FAE04EC0-301F-11D3-BF4B-00C04F79EFBC}") = "Common.Authorisation", "..\Common\Common.Authorisation\Common.Authorisation.csproj", "{D8D5DAC6-4A8F-4AEC-8C9D-8EF2EBF6FF5F}"
EndProject
Project("{FAE04EC0-301F-11D3-BF4B-00C04F79EFBC}") = "Gateway.ApplicationServices", "Gateway.ApplicationServices\Gateway.ApplicationServices.csproj", "{93E9E08B-C081-45C9-8139-C0742B360581}"
EndProject
Project("{FAE04EC0-301F-11D3-BF4B-00C04F79EFBC}") = "Gateway.Setup", "Gateway.Setup\Gateway.Setup.csproj", "{1F52F051-D9E5-42D3-9DFE-B5E64362D042}"
EndProject
Project("{FAE04EC0-301F-11D3-BF4B-00C04F79EFBC}") = "Gateway.Persistence", "Gateway.Persistence\Gateway.Persistence.csproj", "{60474FBB-4C6E-4379-B89E-A53E9CC74342}"
EndProject
Project("{FAE04EC0-301F-11D3-BF4B-00C04F79EFBC}") = "Gateway.Domain", "Gateway.Domain\Gateway.Domain.csproj", "{2C941C08-2452-4927-A45D-AC547003576D}"
EndProject
Project("{FAE04EC0-301F-11D3-BF4B-00C04F79EFBC}") = "Gateway.Api", "Gateway.Api\Gateway.Api.csproj", "{AADA2EBC-D0AE-413B-8B22-B2EF16ED35AD}"
EndProject
Project("{FAE04EC0-301F-11D3-BF4B-00C04F79EFBC}") = "Vault.Persistence", "Vault.Persistence\Vault.Persistence.csproj", "{BC2738E8-5A0C-491E-BB87-FB78B7E0A0F3}"
EndProject
Project("{FAE04EC0-301F-11D3-BF4B-00C04F79EFBC}") = "Vault.Domain", "Vault.Domain\Vault.Domain.csproj", "{6058897F-4642-4DB4-9B95-77563FCEE551}"
EndProject
Project("{FAE04EC0-301F-11D3-BF4B-00C04F79EFBC}") = "Vault.Setup", "Vault.Setup\Vault.Setup.csproj", "{99474705-286D-41F5-9D9F-81D1B65AE168}"
EndProject
Project("{FAE04EC0-301F-11D3-BF4B-00C04F79EFBC}") = "Vault.ApplicationServices", "Vault.ApplicationServices\Vault.ApplicationServices.csproj", "{F1B2CE41-E083-4843-B69F-2D9DEEAC9E35}"
EndProject
Project("{FAE04EC0-301F-11D3-BF4B-00C04F79EFBC}") = "Vault.Api", "Vault.Api\Vault.Api.csproj", "{A58D46F0-95FD-426C-9F6B-58F87DFCFA4E}"
EndProject
Project("{2150E333-8FDC-42A3-9474-1A3956D46DE8}") = "Vault", "Vault", "{B923A1AC-3BB6-4510-A108-4CE5562B275D}"
EndProject
Project("{FAE04EC0-301F-11D3-BF4B-00C04F79EFBC}") = "Vault.Broker", "Vault.Broker\Vault.Broker.csproj", "{F67F7F43-AFBC-47BC-96DA-309E5A7F3204}"
EndProject
Project("{2150E333-8FDC-42A3-9474-1A3956D46DE8}") = "ReferenceData", "ReferenceData", "{08D93BF1-4C8C-4D45-882D-CB0EFF0C7E80}"
EndProject
Project("{FAE04EC0-301F-11D3-BF4B-00C04F79EFBC}") = "ReferenceData.Domain", "..\ReferenceData\ReferenceData.Domain\ReferenceData.Domain.csproj", "{D72CC06B-A643-454D-A516-3CF1EF0C7A3A}"
EndProject
Project("{FAE04EC0-301F-11D3-BF4B-00C04F79EFBC}") = "ReferenceData.Persistence", "..\ReferenceData\ReferenceData.Persistence\ReferenceData.Persistence.csproj", "{80DCE8DB-36FC-41CE-89B1-823AA9B90399}"
EndProject
Project("{FAE04EC0-301F-11D3-BF4B-00C04F79EFBC}") = "ReferenceData.Setup", "..\ReferenceData\ReferenceData.Setup\ReferenceData.Setup.csproj", "{2ACCFC90-ACBF-4792-9B36-A0BCE1317FB3}"
EndProject
Project("{FAE04EC0-301F-11D3-BF4B-00C04F79EFBC}") = "ReferenceData.ApplicationServices", "..\ReferenceData\ReferenceData.ApplicationServices\ReferenceData.ApplicationServices.csproj", "{C44FD35D-4698-4353-80E9-EBC53F5DC45A}"
EndProject
Project("{FAE04EC0-301F-11D3-BF4B-00C04F79EFBC}") = "Notifications.Api", "Notifications.Api\Notifications.Api.csproj", "{33877363-E6CE-4458-9505-0E3B78107D22}"
EndProject
Project("{FAE04EC0-301F-11D3-BF4B-00C04F79EFBC}") = "Notifications.ApplicationServices", "Notifications.ApplicationServices\Notifications.ApplicationServices.csproj", "{D4E4EBA7-2BD0-4463-B42D-A847F7324969}"
EndProject
Project("{FAE04EC0-301F-11D3-BF4B-00C04F79EFBC}") = "Notifications.Setup", "Notifications.Setup\Notifications.Setup.csproj", "{D4379B76-7F98-4A87-90CB-2E6101A1B4A5}"
EndProject
Global
	GlobalSection(SolutionConfigurationPlatforms) = preSolution
		Debug|Any CPU = Debug|Any CPU
		Release|Any CPU = Release|Any CPU
	EndGlobalSection
	GlobalSection(ProjectConfigurationPlatforms) = postSolution
		{2B42E962-CEA7-4758-AC07-5BB6405F6953}.Debug|Any CPU.ActiveCfg = Debug|Any CPU
		{2B42E962-CEA7-4758-AC07-5BB6405F6953}.Debug|Any CPU.Build.0 = Debug|Any CPU
		{2B42E962-CEA7-4758-AC07-5BB6405F6953}.Release|Any CPU.ActiveCfg = Release|Any CPU
		{2B42E962-CEA7-4758-AC07-5BB6405F6953}.Release|Any CPU.Build.0 = Release|Any CPU
		{7504B7B2-11F7-4A9F-A4A1-28699187E3C7}.Debug|Any CPU.ActiveCfg = Debug|Any CPU
		{7504B7B2-11F7-4A9F-A4A1-28699187E3C7}.Debug|Any CPU.Build.0 = Debug|Any CPU
		{7504B7B2-11F7-4A9F-A4A1-28699187E3C7}.Release|Any CPU.ActiveCfg = Release|Any CPU
		{7504B7B2-11F7-4A9F-A4A1-28699187E3C7}.Release|Any CPU.Build.0 = Release|Any CPU
		{FC8F455A-3E8F-44AD-9084-1EABE04A2372}.Debug|Any CPU.ActiveCfg = Debug|Any CPU
		{FC8F455A-3E8F-44AD-9084-1EABE04A2372}.Debug|Any CPU.Build.0 = Debug|Any CPU
		{FC8F455A-3E8F-44AD-9084-1EABE04A2372}.Release|Any CPU.ActiveCfg = Release|Any CPU
		{FC8F455A-3E8F-44AD-9084-1EABE04A2372}.Release|Any CPU.Build.0 = Release|Any CPU
		{C3B2FB9B-CC04-4D81-9F39-C05164730795}.Debug|Any CPU.ActiveCfg = Debug|Any CPU
		{C3B2FB9B-CC04-4D81-9F39-C05164730795}.Debug|Any CPU.Build.0 = Debug|Any CPU
		{C3B2FB9B-CC04-4D81-9F39-C05164730795}.Release|Any CPU.ActiveCfg = Release|Any CPU
		{C3B2FB9B-CC04-4D81-9F39-C05164730795}.Release|Any CPU.Build.0 = Release|Any CPU
		{EDF6E22E-FE43-46DC-8EF0-C2F79E6CB6A7}.Debug|Any CPU.ActiveCfg = Debug|Any CPU
		{EDF6E22E-FE43-46DC-8EF0-C2F79E6CB6A7}.Debug|Any CPU.Build.0 = Debug|Any CPU
		{EDF6E22E-FE43-46DC-8EF0-C2F79E6CB6A7}.Release|Any CPU.ActiveCfg = Release|Any CPU
		{EDF6E22E-FE43-46DC-8EF0-C2F79E6CB6A7}.Release|Any CPU.Build.0 = Release|Any CPU
		{4BA1A3BE-B734-4055-AE2A-57E712F6CEEE}.Debug|Any CPU.ActiveCfg = Debug|Any CPU
		{4BA1A3BE-B734-4055-AE2A-57E712F6CEEE}.Debug|Any CPU.Build.0 = Debug|Any CPU
		{4BA1A3BE-B734-4055-AE2A-57E712F6CEEE}.Release|Any CPU.ActiveCfg = Release|Any CPU
		{4BA1A3BE-B734-4055-AE2A-57E712F6CEEE}.Release|Any CPU.Build.0 = Release|Any CPU
		{49551DE4-EFFE-4FBF-9843-FE1B4BA715B6}.Debug|Any CPU.ActiveCfg = Debug|Any CPU
		{49551DE4-EFFE-4FBF-9843-FE1B4BA715B6}.Debug|Any CPU.Build.0 = Debug|Any CPU
		{49551DE4-EFFE-4FBF-9843-FE1B4BA715B6}.Release|Any CPU.ActiveCfg = Release|Any CPU
		{49551DE4-EFFE-4FBF-9843-FE1B4BA715B6}.Release|Any CPU.Build.0 = Release|Any CPU
		{BD6B978D-0696-4572-9A49-2195A0F2CB8D}.Debug|Any CPU.ActiveCfg = Debug|Any CPU
		{BD6B978D-0696-4572-9A49-2195A0F2CB8D}.Debug|Any CPU.Build.0 = Debug|Any CPU
		{BD6B978D-0696-4572-9A49-2195A0F2CB8D}.Release|Any CPU.ActiveCfg = Release|Any CPU
		{BD6B978D-0696-4572-9A49-2195A0F2CB8D}.Release|Any CPU.Build.0 = Release|Any CPU
		{73A11DDF-FA0E-4EDE-901C-ABFEF63EC498}.Debug|Any CPU.ActiveCfg = Debug|Any CPU
		{73A11DDF-FA0E-4EDE-901C-ABFEF63EC498}.Debug|Any CPU.Build.0 = Debug|Any CPU
		{73A11DDF-FA0E-4EDE-901C-ABFEF63EC498}.Release|Any CPU.ActiveCfg = Release|Any CPU
		{73A11DDF-FA0E-4EDE-901C-ABFEF63EC498}.Release|Any CPU.Build.0 = Release|Any CPU
		{029F2E12-BDB3-4170-8070-1A99626FD141}.Debug|Any CPU.ActiveCfg = Debug|Any CPU
		{029F2E12-BDB3-4170-8070-1A99626FD141}.Debug|Any CPU.Build.0 = Debug|Any CPU
		{029F2E12-BDB3-4170-8070-1A99626FD141}.Release|Any CPU.ActiveCfg = Release|Any CPU
		{029F2E12-BDB3-4170-8070-1A99626FD141}.Release|Any CPU.Build.0 = Release|Any CPU
		{9A303724-1BA0-4E99-8EF0-330CDE7F02D6}.Debug|Any CPU.ActiveCfg = Debug|Any CPU
		{9A303724-1BA0-4E99-8EF0-330CDE7F02D6}.Debug|Any CPU.Build.0 = Debug|Any CPU
		{9A303724-1BA0-4E99-8EF0-330CDE7F02D6}.Release|Any CPU.ActiveCfg = Release|Any CPU
		{9A303724-1BA0-4E99-8EF0-330CDE7F02D6}.Release|Any CPU.Build.0 = Release|Any CPU
		{BEE1801D-B717-4CDE-8019-673F31CA819F}.Debug|Any CPU.ActiveCfg = Debug|Any CPU
		{BEE1801D-B717-4CDE-8019-673F31CA819F}.Debug|Any CPU.Build.0 = Debug|Any CPU
		{BEE1801D-B717-4CDE-8019-673F31CA819F}.Release|Any CPU.ActiveCfg = Release|Any CPU
		{BEE1801D-B717-4CDE-8019-673F31CA819F}.Release|Any CPU.Build.0 = Release|Any CPU
		{B9A8D7E9-56AD-4875-9FD2-6DFA73213710}.Debug|Any CPU.ActiveCfg = Debug|Any CPU
		{B9A8D7E9-56AD-4875-9FD2-6DFA73213710}.Debug|Any CPU.Build.0 = Debug|Any CPU
		{B9A8D7E9-56AD-4875-9FD2-6DFA73213710}.Release|Any CPU.ActiveCfg = Release|Any CPU
		{B9A8D7E9-56AD-4875-9FD2-6DFA73213710}.Release|Any CPU.Build.0 = Release|Any CPU
		{ADAA7F45-ED8E-40C3-9E51-5826C0C727F2}.Debug|Any CPU.ActiveCfg = Debug|Any CPU
		{ADAA7F45-ED8E-40C3-9E51-5826C0C727F2}.Debug|Any CPU.Build.0 = Debug|Any CPU
		{ADAA7F45-ED8E-40C3-9E51-5826C0C727F2}.Release|Any CPU.ActiveCfg = Release|Any CPU
		{ADAA7F45-ED8E-40C3-9E51-5826C0C727F2}.Release|Any CPU.Build.0 = Release|Any CPU
		{4D1F7BED-D763-46CE-8F21-47FC4285C75D}.Debug|Any CPU.ActiveCfg = Debug|Any CPU
		{4D1F7BED-D763-46CE-8F21-47FC4285C75D}.Debug|Any CPU.Build.0 = Debug|Any CPU
		{4D1F7BED-D763-46CE-8F21-47FC4285C75D}.Release|Any CPU.ActiveCfg = Release|Any CPU
		{4D1F7BED-D763-46CE-8F21-47FC4285C75D}.Release|Any CPU.Build.0 = Release|Any CPU
		{D8D5DAC6-4A8F-4AEC-8C9D-8EF2EBF6FF5F}.Debug|Any CPU.ActiveCfg = Debug|Any CPU
		{D8D5DAC6-4A8F-4AEC-8C9D-8EF2EBF6FF5F}.Debug|Any CPU.Build.0 = Debug|Any CPU
		{D8D5DAC6-4A8F-4AEC-8C9D-8EF2EBF6FF5F}.Release|Any CPU.ActiveCfg = Release|Any CPU
		{D8D5DAC6-4A8F-4AEC-8C9D-8EF2EBF6FF5F}.Release|Any CPU.Build.0 = Release|Any CPU
		{93E9E08B-C081-45C9-8139-C0742B360581}.Debug|Any CPU.ActiveCfg = Debug|Any CPU
		{93E9E08B-C081-45C9-8139-C0742B360581}.Debug|Any CPU.Build.0 = Debug|Any CPU
		{93E9E08B-C081-45C9-8139-C0742B360581}.Release|Any CPU.ActiveCfg = Release|Any CPU
		{93E9E08B-C081-45C9-8139-C0742B360581}.Release|Any CPU.Build.0 = Release|Any CPU
		{1F52F051-D9E5-42D3-9DFE-B5E64362D042}.Debug|Any CPU.ActiveCfg = Debug|Any CPU
		{1F52F051-D9E5-42D3-9DFE-B5E64362D042}.Debug|Any CPU.Build.0 = Debug|Any CPU
		{1F52F051-D9E5-42D3-9DFE-B5E64362D042}.Release|Any CPU.ActiveCfg = Release|Any CPU
		{1F52F051-D9E5-42D3-9DFE-B5E64362D042}.Release|Any CPU.Build.0 = Release|Any CPU
		{60474FBB-4C6E-4379-B89E-A53E9CC74342}.Debug|Any CPU.ActiveCfg = Debug|Any CPU
		{60474FBB-4C6E-4379-B89E-A53E9CC74342}.Debug|Any CPU.Build.0 = Debug|Any CPU
		{60474FBB-4C6E-4379-B89E-A53E9CC74342}.Release|Any CPU.ActiveCfg = Release|Any CPU
		{60474FBB-4C6E-4379-B89E-A53E9CC74342}.Release|Any CPU.Build.0 = Release|Any CPU
		{2C941C08-2452-4927-A45D-AC547003576D}.Debug|Any CPU.ActiveCfg = Debug|Any CPU
		{2C941C08-2452-4927-A45D-AC547003576D}.Debug|Any CPU.Build.0 = Debug|Any CPU
		{2C941C08-2452-4927-A45D-AC547003576D}.Release|Any CPU.ActiveCfg = Release|Any CPU
		{2C941C08-2452-4927-A45D-AC547003576D}.Release|Any CPU.Build.0 = Release|Any CPU
		{AADA2EBC-D0AE-413B-8B22-B2EF16ED35AD}.Debug|Any CPU.ActiveCfg = Debug|Any CPU
		{AADA2EBC-D0AE-413B-8B22-B2EF16ED35AD}.Debug|Any CPU.Build.0 = Debug|Any CPU
		{AADA2EBC-D0AE-413B-8B22-B2EF16ED35AD}.Release|Any CPU.ActiveCfg = Release|Any CPU
		{AADA2EBC-D0AE-413B-8B22-B2EF16ED35AD}.Release|Any CPU.Build.0 = Release|Any CPU
		{BC2738E8-5A0C-491E-BB87-FB78B7E0A0F3}.Debug|Any CPU.ActiveCfg = Debug|Any CPU
		{BC2738E8-5A0C-491E-BB87-FB78B7E0A0F3}.Debug|Any CPU.Build.0 = Debug|Any CPU
		{BC2738E8-5A0C-491E-BB87-FB78B7E0A0F3}.Release|Any CPU.ActiveCfg = Release|Any CPU
		{BC2738E8-5A0C-491E-BB87-FB78B7E0A0F3}.Release|Any CPU.Build.0 = Release|Any CPU
		{6058897F-4642-4DB4-9B95-77563FCEE551}.Debug|Any CPU.ActiveCfg = Debug|Any CPU
		{6058897F-4642-4DB4-9B95-77563FCEE551}.Debug|Any CPU.Build.0 = Debug|Any CPU
		{6058897F-4642-4DB4-9B95-77563FCEE551}.Release|Any CPU.ActiveCfg = Release|Any CPU
		{6058897F-4642-4DB4-9B95-77563FCEE551}.Release|Any CPU.Build.0 = Release|Any CPU
		{99474705-286D-41F5-9D9F-81D1B65AE168}.Debug|Any CPU.ActiveCfg = Debug|Any CPU
		{99474705-286D-41F5-9D9F-81D1B65AE168}.Debug|Any CPU.Build.0 = Debug|Any CPU
		{99474705-286D-41F5-9D9F-81D1B65AE168}.Release|Any CPU.ActiveCfg = Release|Any CPU
		{99474705-286D-41F5-9D9F-81D1B65AE168}.Release|Any CPU.Build.0 = Release|Any CPU
		{F1B2CE41-E083-4843-B69F-2D9DEEAC9E35}.Debug|Any CPU.ActiveCfg = Debug|Any CPU
		{F1B2CE41-E083-4843-B69F-2D9DEEAC9E35}.Debug|Any CPU.Build.0 = Debug|Any CPU
		{F1B2CE41-E083-4843-B69F-2D9DEEAC9E35}.Release|Any CPU.ActiveCfg = Release|Any CPU
		{F1B2CE41-E083-4843-B69F-2D9DEEAC9E35}.Release|Any CPU.Build.0 = Release|Any CPU
		{A58D46F0-95FD-426C-9F6B-58F87DFCFA4E}.Debug|Any CPU.ActiveCfg = Debug|Any CPU
		{A58D46F0-95FD-426C-9F6B-58F87DFCFA4E}.Debug|Any CPU.Build.0 = Debug|Any CPU
		{A58D46F0-95FD-426C-9F6B-58F87DFCFA4E}.Release|Any CPU.ActiveCfg = Release|Any CPU
		{A58D46F0-95FD-426C-9F6B-58F87DFCFA4E}.Release|Any CPU.Build.0 = Release|Any CPU
		{F67F7F43-AFBC-47BC-96DA-309E5A7F3204}.Debug|Any CPU.ActiveCfg = Debug|Any CPU
		{F67F7F43-AFBC-47BC-96DA-309E5A7F3204}.Debug|Any CPU.Build.0 = Debug|Any CPU
		{F67F7F43-AFBC-47BC-96DA-309E5A7F3204}.Release|Any CPU.ActiveCfg = Release|Any CPU
		{F67F7F43-AFBC-47BC-96DA-309E5A7F3204}.Release|Any CPU.Build.0 = Release|Any CPU
		{D72CC06B-A643-454D-A516-3CF1EF0C7A3A}.Debug|Any CPU.ActiveCfg = Debug|Any CPU
		{D72CC06B-A643-454D-A516-3CF1EF0C7A3A}.Debug|Any CPU.Build.0 = Debug|Any CPU
		{D72CC06B-A643-454D-A516-3CF1EF0C7A3A}.Release|Any CPU.ActiveCfg = Release|Any CPU
		{D72CC06B-A643-454D-A516-3CF1EF0C7A3A}.Release|Any CPU.Build.0 = Release|Any CPU
		{80DCE8DB-36FC-41CE-89B1-823AA9B90399}.Debug|Any CPU.ActiveCfg = Debug|Any CPU
		{80DCE8DB-36FC-41CE-89B1-823AA9B90399}.Debug|Any CPU.Build.0 = Debug|Any CPU
		{80DCE8DB-36FC-41CE-89B1-823AA9B90399}.Release|Any CPU.ActiveCfg = Release|Any CPU
		{80DCE8DB-36FC-41CE-89B1-823AA9B90399}.Release|Any CPU.Build.0 = Release|Any CPU
		{2ACCFC90-ACBF-4792-9B36-A0BCE1317FB3}.Debug|Any CPU.ActiveCfg = Debug|Any CPU
		{2ACCFC90-ACBF-4792-9B36-A0BCE1317FB3}.Debug|Any CPU.Build.0 = Debug|Any CPU
		{2ACCFC90-ACBF-4792-9B36-A0BCE1317FB3}.Release|Any CPU.ActiveCfg = Release|Any CPU
		{2ACCFC90-ACBF-4792-9B36-A0BCE1317FB3}.Release|Any CPU.Build.0 = Release|Any CPU
		{C44FD35D-4698-4353-80E9-EBC53F5DC45A}.Debug|Any CPU.ActiveCfg = Debug|Any CPU
		{C44FD35D-4698-4353-80E9-EBC53F5DC45A}.Debug|Any CPU.Build.0 = Debug|Any CPU
		{C44FD35D-4698-4353-80E9-EBC53F5DC45A}.Release|Any CPU.ActiveCfg = Release|Any CPU
		{C44FD35D-4698-4353-80E9-EBC53F5DC45A}.Release|Any CPU.Build.0 = Release|Any CPU
		{33877363-E6CE-4458-9505-0E3B78107D22}.Debug|Any CPU.ActiveCfg = Debug|Any CPU
		{33877363-E6CE-4458-9505-0E3B78107D22}.Debug|Any CPU.Build.0 = Debug|Any CPU
		{33877363-E6CE-4458-9505-0E3B78107D22}.Release|Any CPU.ActiveCfg = Release|Any CPU
		{33877363-E6CE-4458-9505-0E3B78107D22}.Release|Any CPU.Build.0 = Release|Any CPU
		{D4E4EBA7-2BD0-4463-B42D-A847F7324969}.Debug|Any CPU.ActiveCfg = Debug|Any CPU
		{D4E4EBA7-2BD0-4463-B42D-A847F7324969}.Debug|Any CPU.Build.0 = Debug|Any CPU
		{D4E4EBA7-2BD0-4463-B42D-A847F7324969}.Release|Any CPU.ActiveCfg = Release|Any CPU
		{D4E4EBA7-2BD0-4463-B42D-A847F7324969}.Release|Any CPU.Build.0 = Release|Any CPU
		{D4379B76-7F98-4A87-90CB-2E6101A1B4A5}.Debug|Any CPU.ActiveCfg = Debug|Any CPU
		{D4379B76-7F98-4A87-90CB-2E6101A1B4A5}.Debug|Any CPU.Build.0 = Debug|Any CPU
		{D4379B76-7F98-4A87-90CB-2E6101A1B4A5}.Release|Any CPU.ActiveCfg = Release|Any CPU
		{D4379B76-7F98-4A87-90CB-2E6101A1B4A5}.Release|Any CPU.Build.0 = Release|Any CPU
	EndGlobalSection
	GlobalSection(SolutionProperties) = preSolution
		HideSolutionNode = FALSE
	EndGlobalSection
	GlobalSection(NestedProjects) = preSolution
		{FC8F455A-3E8F-44AD-9084-1EABE04A2372} = {0078ACE3-063A-47C7-A077-DA4EFC8AA181}
		{C3B2FB9B-CC04-4D81-9F39-C05164730795} = {79DBFCBE-67CD-487F-B2F7-F1A88C048919}
		{EDF6E22E-FE43-46DC-8EF0-C2F79E6CB6A7} = {79DBFCBE-67CD-487F-B2F7-F1A88C048919}
		{4BA1A3BE-B734-4055-AE2A-57E712F6CEEE} = {79DBFCBE-67CD-487F-B2F7-F1A88C048919}
		{49551DE4-EFFE-4FBF-9843-FE1B4BA715B6} = {79DBFCBE-67CD-487F-B2F7-F1A88C048919}
		{BD6B978D-0696-4572-9A49-2195A0F2CB8D} = {674229FE-30C5-45E9-9B7C-4DFA220EB669}
		{73A11DDF-FA0E-4EDE-901C-ABFEF63EC498} = {4802E3E9-E628-490A-BE87-033AE0A624FD}
		{029F2E12-BDB3-4170-8070-1A99626FD141} = {79DBFCBE-67CD-487F-B2F7-F1A88C048919}
		{9A303724-1BA0-4E99-8EF0-330CDE7F02D6} = {79DBFCBE-67CD-487F-B2F7-F1A88C048919}
		{4D1F7BED-D763-46CE-8F21-47FC4285C75D} = {79DBFCBE-67CD-487F-B2F7-F1A88C048919}
		{D8D5DAC6-4A8F-4AEC-8C9D-8EF2EBF6FF5F} = {79DBFCBE-67CD-487F-B2F7-F1A88C048919}
		{F67F7F43-AFBC-47BC-96DA-309E5A7F3204} = {B923A1AC-3BB6-4510-A108-4CE5562B275D}
		{D72CC06B-A643-454D-A516-3CF1EF0C7A3A} = {08D93BF1-4C8C-4D45-882D-CB0EFF0C7E80}
		{80DCE8DB-36FC-41CE-89B1-823AA9B90399} = {08D93BF1-4C8C-4D45-882D-CB0EFF0C7E80}
		{2ACCFC90-ACBF-4792-9B36-A0BCE1317FB3} = {08D93BF1-4C8C-4D45-882D-CB0EFF0C7E80}
		{C44FD35D-4698-4353-80E9-EBC53F5DC45A} = {08D93BF1-4C8C-4D45-882D-CB0EFF0C7E80}
	EndGlobalSection
	GlobalSection(ExtensibilityGlobals) = postSolution
		SolutionGuid = {3537C8D6-D792-492E-ACF4-8DDD1AA19555}
	EndGlobalSection
EndGlobal
