
Microsoft Visual Studio Solution File, Format Version 12.00
Project("{2150E333-8FDC-42A3-9474-1A3956D46DE8}") = "Authorisation", "Authorisation", "{B4B8E7F5-63D7-4F61-AE6B-957BBEB99F96}"
EndProject
Project("{2150E333-8FDC-42A3-9474-1A3956D46DE8}") = "Messaging", "Messaging", "{CB269B22-F2F9-4EA8-9E19-1F786A5DCBE7}"
EndProject
Project("{2150E333-8FDC-42A3-9474-1A3956D46DE8}") = "DomainEvents", "DomainEvents", "{49401011-EFC6-43A9-A36A-C4C49D9B4E3C}"
EndProject
Project("{2150E333-8FDC-42A3-9474-1A3956D46DE8}") = "Core", "Core", "{2D97CECF-9ED0-4289-A69B-768829DFDD55}"
EndProject
Project("{2150E333-8FDC-42A3-9474-1A3956D46DE8}") = "ReferenceData", "ReferenceData", "{42BC6B5C-5F59-4170-AE02-434D9220C8B4}"
EndProject
Project("{2150E333-8FDC-42A3-9474-1A3956D46DE8}") = "Vault", "Vault", "{8C4B0DD9-5967-42F0-96D0-A91183FE7A87}"
EndProject
Project("{FAE04EC0-301F-11D3-BF4B-00C04F79EFBC}") = "Core.Api", "Core\Core.Api\Core.Api.csproj", "{448A7467-C4A3-491F-8776-98929BA5CC4D}"
EndProject
Project("{FAE04EC0-301F-11D3-BF4B-00C04F79EFBC}") = "Core.Api.Formats", "Core\Core.Api.Formats\Core.Api.Formats.csproj", "{6A02DD50-1F63-4999-9756-73CBC9EC00E1}"
EndProject
Project("{FAE04EC0-301F-11D3-BF4B-00C04F79EFBC}") = "Core.Application", "Core\Core.Application\Core.Application.csproj", "{533996AA-7162-409E-A0B7-A510AA97CED7}"
EndProject
Project("{FAE04EC0-301F-11D3-BF4B-00C04F79EFBC}") = "Core.Common", "Core\Core.Common\Core.Common.csproj", "{864EF5A5-EADE-4153-8BC0-CA99F6C1025A}"
EndProject
Project("{FAE04EC0-301F-11D3-BF4B-00C04F79EFBC}") = "Core.Domain", "Core\Core.Domain\Core.Domain.csproj", "{83205DE1-082B-46A6-A43A-C7425053895D}"
EndProject
Project("{FAE04EC0-301F-11D3-BF4B-00C04F79EFBC}") = "Core.Setup", "Core\Core.Setup\Core.Setup.csproj", "{86235ADD-8C4A-4BBF-BE64-1C00E49062B0}"
EndProject
Project("{FAE04EC0-301F-11D3-BF4B-00C04F79EFBC}") = "Configuration.Secrets", "Configuration\Configuration.Secrets\Configuration.Secrets.csproj", "{573CF4BB-4A32-4E7A-AE71-93FB490CF152}"
EndProject
Project("{FAE04EC0-301F-11D3-BF4B-00C04F79EFBC}") = "DomainEvents.Setup", "DomainEvents\DomainEvents.Setup\DomainEvents.Setup.csproj", "{728F8002-4047-4457-A2DC-2377C2119BDD}"
EndProject
Project("{FAE04EC0-301F-11D3-BF4B-00C04F79EFBC}") = "DomainEvents.Broker", "DomainEvents\DomainEvents.Broker\DomainEvents.Broker.csproj", "{4C82906A-C96F-4BAE-9400-CB7234614191}"
EndProject
Project("{FAE04EC0-301F-11D3-BF4B-00C04F79EFBC}") = "Messaging.Setup", "Messaging\Messaging.Setup\Messaging.Setup.csproj", "{FA88DF31-22FF-4346-8375-0966D2003ECD}"
EndProject
Project("{FAE04EC0-301F-11D3-BF4B-00C04F79EFBC}") = "Messaging.RabbitMQ", "Messaging\Messaging.RabbitMQ\Messaging.RabbitMQ.csproj", "{96C9EF8A-4696-4587-85A0-E593B2A281F1}"
EndProject
Project("{FAE04EC0-301F-11D3-BF4B-00C04F79EFBC}") = "Messaging.Common", "Messaging\Messaging.Common\Messaging.Common.csproj", "{C2594B55-F152-4461-A5E7-4B5975E30D33}"
EndProject
Project("{FAE04EC0-301F-11D3-BF4B-00C04F79EFBC}") = "Authorisation.Application", "Authorisation\Authorisation.Application\Authorisation.Application.csproj", "{E12B26DC-0A26-4B4A-86CA-B1CA954D0836}"
EndProject
Project("{FAE04EC0-301F-11D3-BF4B-00C04F79EFBC}") = "Authorisation.Common", "Authorisation\Authorisation.Common\Authorisation.Common.csproj", "{15773F0A-3A95-43E3-99D3-C3F9A3A1141A}"
EndProject
Project("{FAE04EC0-301F-11D3-BF4B-00C04F79EFBC}") = "Authorisation.Setup", "Authorisation\Authorisation.Setup\Authorisation.Setup.csproj", "{FBCC1679-C6F0-4CD1-B99E-DC411A9011D0}"
EndProject
Project("{FAE04EC0-301F-11D3-BF4B-00C04F79EFBC}") = "Persistence.EntityFramework", "Persistence\Persistence.EntityFramework\Persistence.EntityFramework.csproj", "{239BE5B6-B227-4B2E-9554-5BB87A61E4FF}"
EndProject
Project("{FAE04EC0-301F-11D3-BF4B-00C04F79EFBC}") = "Persistence.Setup", "Persistence\Persistence.Setup\Persistence.Setup.csproj", "{4AFC7AB3-A201-47D7-92CB-84F975D3FEDE}"
EndProject
Project("{FAE04EC0-301F-11D3-BF4B-00C04F79EFBC}") = "ReferenceData.Application", "ReferenceData\ReferenceData.Application\ReferenceData.Application.csproj", "{F9E05276-8DFB-46DC-90E0-C38B434BFDC7}"
EndProject
Project("{FAE04EC0-301F-11D3-BF4B-00C04F79EFBC}") = "ReferenceData.Domain", "ReferenceData\ReferenceData.Domain\ReferenceData.Domain.csproj", "{132C3629-F111-4FD8-AFAD-6D96D2185790}"
EndProject
Project("{FAE04EC0-301F-11D3-BF4B-00C04F79EFBC}") = "ReferenceData.Persistence", "ReferenceData\ReferenceData.Persistence\ReferenceData.Persistence.csproj", "{AA59BCB8-269B-408D-A5A5-A48EE9899393}"
EndProject
Project("{FAE04EC0-301F-11D3-BF4B-00C04F79EFBC}") = "ReferenceData.Setup", "ReferenceData\ReferenceData.Setup\ReferenceData.Setup.csproj", "{D20B920E-3740-4AB9-AADB-8FA8B98C80E5}"
EndProject
Project("{FAE04EC0-301F-11D3-BF4B-00C04F79EFBC}") = "Library.Vault.Application", "Vault\Library.Vault.Application\Library.Vault.Application.csproj", "{43C517DE-EA05-4AC0-9FDE-84B3AB0EA8C7}"
EndProject
Project("{FAE04EC0-301F-11D3-BF4B-00C04F79EFBC}") = "Library.Vault.Persistence", "Vault\Library.Vault.Persistence\Library.Vault.Persistence.csproj", "{9B15B8D3-C096-47D0-80E7-84948D3AA466}"
EndProject
Project("{FAE04EC0-301F-11D3-BF4B-00C04F79EFBC}") = "Library.Vault.Setup", "Vault\Library.Vault.Setup\Library.Vault.Setup.csproj", "{923B1842-66E3-4B3C-9AA1-44C6B4FB883D}"
EndProject
Project("{2150E333-8FDC-42A3-9474-1A3956D46DE8}") = "Configuration", "Configuration", "{6975B3EE-D141-4799-B558-638AE65C9D20}"
EndProject
Project("{2150E333-8FDC-42A3-9474-1A3956D46DE8}") = "Persistence", "Persistence", "{9ACFE6D9-9B08-4A78-9B96-83E501008856}"
EndProject
Project("{FAE04EC0-301F-11D3-BF4B-00C04F79EFBC}") = "Library.Vault.Domain", "Vault\Library.Vault.Domain\Library.Vault.Domain.csproj", "{D9A544D2-D4C3-47EB-8CE4-AFB0347981A9}"
EndProject
Project("{FAE04EC0-301F-11D3-BF4B-00C04F79EFBC}") = "Messaging.Messages", "Messaging\Messaging.Messages\Messaging.Messages.csproj", "{9A6BFB5C-CD5D-43F4-B1B7-B783A054D20D}"
EndProject
Global
	GlobalSection(SolutionConfigurationPlatforms) = preSolution
		Debug|Any CPU = Debug|Any CPU
		Release|Any CPU = Release|Any CPU
	EndGlobalSection
	GlobalSection(NestedProjects) = preSolution
		{E12B26DC-0A26-4B4A-86CA-B1CA954D0836} = {B4B8E7F5-63D7-4F61-AE6B-957BBEB99F96}
		{15773F0A-3A95-43E3-99D3-C3F9A3A1141A} = {B4B8E7F5-63D7-4F61-AE6B-957BBEB99F96}
		{FBCC1679-C6F0-4CD1-B99E-DC411A9011D0} = {B4B8E7F5-63D7-4F61-AE6B-957BBEB99F96}
		{573CF4BB-4A32-4E7A-AE71-93FB490CF152} = {6975B3EE-D141-4799-B558-638AE65C9D20}
		{448A7467-C4A3-491F-8776-98929BA5CC4D} = {2D97CECF-9ED0-4289-A69B-768829DFDD55}
		{6A02DD50-1F63-4999-9756-73CBC9EC00E1} = {2D97CECF-9ED0-4289-A69B-768829DFDD55}
		{533996AA-7162-409E-A0B7-A510AA97CED7} = {2D97CECF-9ED0-4289-A69B-768829DFDD55}
		{864EF5A5-EADE-4153-8BC0-CA99F6C1025A} = {2D97CECF-9ED0-4289-A69B-768829DFDD55}
		{83205DE1-082B-46A6-A43A-C7425053895D} = {2D97CECF-9ED0-4289-A69B-768829DFDD55}
		{86235ADD-8C4A-4BBF-BE64-1C00E49062B0} = {2D97CECF-9ED0-4289-A69B-768829DFDD55}
		{4C82906A-C96F-4BAE-9400-CB7234614191} = {49401011-EFC6-43A9-A36A-C4C49D9B4E3C}
		{728F8002-4047-4457-A2DC-2377C2119BDD} = {49401011-EFC6-43A9-A36A-C4C49D9B4E3C}
		{43C517DE-EA05-4AC0-9FDE-84B3AB0EA8C7} = {8C4B0DD9-5967-42F0-96D0-A91183FE7A87}
		{9B15B8D3-C096-47D0-80E7-84948D3AA466} = {8C4B0DD9-5967-42F0-96D0-A91183FE7A87}
		{923B1842-66E3-4B3C-9AA1-44C6B4FB883D} = {8C4B0DD9-5967-42F0-96D0-A91183FE7A87}
		{C2594B55-F152-4461-A5E7-4B5975E30D33} = {CB269B22-F2F9-4EA8-9E19-1F786A5DCBE7}
		{96C9EF8A-4696-4587-85A0-E593B2A281F1} = {CB269B22-F2F9-4EA8-9E19-1F786A5DCBE7}
		{FA88DF31-22FF-4346-8375-0966D2003ECD} = {CB269B22-F2F9-4EA8-9E19-1F786A5DCBE7}
		{F9E05276-8DFB-46DC-90E0-C38B434BFDC7} = {42BC6B5C-5F59-4170-AE02-434D9220C8B4}
		{132C3629-F111-4FD8-AFAD-6D96D2185790} = {42BC6B5C-5F59-4170-AE02-434D9220C8B4}
		{AA59BCB8-269B-408D-A5A5-A48EE9899393} = {42BC6B5C-5F59-4170-AE02-434D9220C8B4}
		{D20B920E-3740-4AB9-AADB-8FA8B98C80E5} = {42BC6B5C-5F59-4170-AE02-434D9220C8B4}
		{239BE5B6-B227-4B2E-9554-5BB87A61E4FF} = {9ACFE6D9-9B08-4A78-9B96-83E501008856}
		{4AFC7AB3-A201-47D7-92CB-84F975D3FEDE} = {9ACFE6D9-9B08-4A78-9B96-83E501008856}
		{D9A544D2-D4C3-47EB-8CE4-AFB0347981A9} = {8C4B0DD9-5967-42F0-96D0-A91183FE7A87}
		{9A6BFB5C-CD5D-43F4-B1B7-B783A054D20D} = {CB269B22-F2F9-4EA8-9E19-1F786A5DCBE7}
	EndGlobalSection
	GlobalSection(ProjectConfigurationPlatforms) = postSolution
		{448A7467-C4A3-491F-8776-98929BA5CC4D}.Debug|Any CPU.ActiveCfg = Debug|Any CPU
		{448A7467-C4A3-491F-8776-98929BA5CC4D}.Debug|Any CPU.Build.0 = Debug|Any CPU
		{448A7467-C4A3-491F-8776-98929BA5CC4D}.Release|Any CPU.ActiveCfg = Release|Any CPU
		{448A7467-C4A3-491F-8776-98929BA5CC4D}.Release|Any CPU.Build.0 = Release|Any CPU
		{6A02DD50-1F63-4999-9756-73CBC9EC00E1}.Debug|Any CPU.ActiveCfg = Debug|Any CPU
		{6A02DD50-1F63-4999-9756-73CBC9EC00E1}.Debug|Any CPU.Build.0 = Debug|Any CPU
		{6A02DD50-1F63-4999-9756-73CBC9EC00E1}.Release|Any CPU.ActiveCfg = Release|Any CPU
		{6A02DD50-1F63-4999-9756-73CBC9EC00E1}.Release|Any CPU.Build.0 = Release|Any CPU
		{533996AA-7162-409E-A0B7-A510AA97CED7}.Debug|Any CPU.ActiveCfg = Debug|Any CPU
		{533996AA-7162-409E-A0B7-A510AA97CED7}.Debug|Any CPU.Build.0 = Debug|Any CPU
		{533996AA-7162-409E-A0B7-A510AA97CED7}.Release|Any CPU.ActiveCfg = Release|Any CPU
		{533996AA-7162-409E-A0B7-A510AA97CED7}.Release|Any CPU.Build.0 = Release|Any CPU
		{864EF5A5-EADE-4153-8BC0-CA99F6C1025A}.Debug|Any CPU.ActiveCfg = Debug|Any CPU
		{864EF5A5-EADE-4153-8BC0-CA99F6C1025A}.Debug|Any CPU.Build.0 = Debug|Any CPU
		{864EF5A5-EADE-4153-8BC0-CA99F6C1025A}.Release|Any CPU.ActiveCfg = Release|Any CPU
		{864EF5A5-EADE-4153-8BC0-CA99F6C1025A}.Release|Any CPU.Build.0 = Release|Any CPU
		{83205DE1-082B-46A6-A43A-C7425053895D}.Debug|Any CPU.ActiveCfg = Debug|Any CPU
		{83205DE1-082B-46A6-A43A-C7425053895D}.Debug|Any CPU.Build.0 = Debug|Any CPU
		{83205DE1-082B-46A6-A43A-C7425053895D}.Release|Any CPU.ActiveCfg = Release|Any CPU
		{83205DE1-082B-46A6-A43A-C7425053895D}.Release|Any CPU.Build.0 = Release|Any CPU
		{86235ADD-8C4A-4BBF-BE64-1C00E49062B0}.Debug|Any CPU.ActiveCfg = Debug|Any CPU
		{86235ADD-8C4A-4BBF-BE64-1C00E49062B0}.Debug|Any CPU.Build.0 = Debug|Any CPU
		{86235ADD-8C4A-4BBF-BE64-1C00E49062B0}.Release|Any CPU.ActiveCfg = Release|Any CPU
		{86235ADD-8C4A-4BBF-BE64-1C00E49062B0}.Release|Any CPU.Build.0 = Release|Any CPU
		{573CF4BB-4A32-4E7A-AE71-93FB490CF152}.Debug|Any CPU.ActiveCfg = Debug|Any CPU
		{573CF4BB-4A32-4E7A-AE71-93FB490CF152}.Debug|Any CPU.Build.0 = Debug|Any CPU
		{573CF4BB-4A32-4E7A-AE71-93FB490CF152}.Release|Any CPU.ActiveCfg = Release|Any CPU
		{573CF4BB-4A32-4E7A-AE71-93FB490CF152}.Release|Any CPU.Build.0 = Release|Any CPU
		{728F8002-4047-4457-A2DC-2377C2119BDD}.Debug|Any CPU.ActiveCfg = Debug|Any CPU
		{728F8002-4047-4457-A2DC-2377C2119BDD}.Debug|Any CPU.Build.0 = Debug|Any CPU
		{728F8002-4047-4457-A2DC-2377C2119BDD}.Release|Any CPU.ActiveCfg = Release|Any CPU
		{728F8002-4047-4457-A2DC-2377C2119BDD}.Release|Any CPU.Build.0 = Release|Any CPU
		{4C82906A-C96F-4BAE-9400-CB7234614191}.Debug|Any CPU.ActiveCfg = Debug|Any CPU
		{4C82906A-C96F-4BAE-9400-CB7234614191}.Debug|Any CPU.Build.0 = Debug|Any CPU
		{4C82906A-C96F-4BAE-9400-CB7234614191}.Release|Any CPU.ActiveCfg = Release|Any CPU
		{4C82906A-C96F-4BAE-9400-CB7234614191}.Release|Any CPU.Build.0 = Release|Any CPU
		{FA88DF31-22FF-4346-8375-0966D2003ECD}.Debug|Any CPU.ActiveCfg = Debug|Any CPU
		{FA88DF31-22FF-4346-8375-0966D2003ECD}.Debug|Any CPU.Build.0 = Debug|Any CPU
		{FA88DF31-22FF-4346-8375-0966D2003ECD}.Release|Any CPU.ActiveCfg = Release|Any CPU
		{FA88DF31-22FF-4346-8375-0966D2003ECD}.Release|Any CPU.Build.0 = Release|Any CPU
		{96C9EF8A-4696-4587-85A0-E593B2A281F1}.Debug|Any CPU.ActiveCfg = Debug|Any CPU
		{96C9EF8A-4696-4587-85A0-E593B2A281F1}.Debug|Any CPU.Build.0 = Debug|Any CPU
		{96C9EF8A-4696-4587-85A0-E593B2A281F1}.Release|Any CPU.ActiveCfg = Release|Any CPU
		{96C9EF8A-4696-4587-85A0-E593B2A281F1}.Release|Any CPU.Build.0 = Release|Any CPU
		{C2594B55-F152-4461-A5E7-4B5975E30D33}.Debug|Any CPU.ActiveCfg = Debug|Any CPU
		{C2594B55-F152-4461-A5E7-4B5975E30D33}.Debug|Any CPU.Build.0 = Debug|Any CPU
		{C2594B55-F152-4461-A5E7-4B5975E30D33}.Release|Any CPU.ActiveCfg = Release|Any CPU
		{C2594B55-F152-4461-A5E7-4B5975E30D33}.Release|Any CPU.Build.0 = Release|Any CPU
		{E12B26DC-0A26-4B4A-86CA-B1CA954D0836}.Debug|Any CPU.ActiveCfg = Debug|Any CPU
		{E12B26DC-0A26-4B4A-86CA-B1CA954D0836}.Debug|Any CPU.Build.0 = Debug|Any CPU
		{E12B26DC-0A26-4B4A-86CA-B1CA954D0836}.Release|Any CPU.ActiveCfg = Release|Any CPU
		{E12B26DC-0A26-4B4A-86CA-B1CA954D0836}.Release|Any CPU.Build.0 = Release|Any CPU
		{15773F0A-3A95-43E3-99D3-C3F9A3A1141A}.Debug|Any CPU.ActiveCfg = Debug|Any CPU
		{15773F0A-3A95-43E3-99D3-C3F9A3A1141A}.Debug|Any CPU.Build.0 = Debug|Any CPU
		{15773F0A-3A95-43E3-99D3-C3F9A3A1141A}.Release|Any CPU.ActiveCfg = Release|Any CPU
		{15773F0A-3A95-43E3-99D3-C3F9A3A1141A}.Release|Any CPU.Build.0 = Release|Any CPU
		{FBCC1679-C6F0-4CD1-B99E-DC411A9011D0}.Debug|Any CPU.ActiveCfg = Debug|Any CPU
		{FBCC1679-C6F0-4CD1-B99E-DC411A9011D0}.Debug|Any CPU.Build.0 = Debug|Any CPU
		{FBCC1679-C6F0-4CD1-B99E-DC411A9011D0}.Release|Any CPU.ActiveCfg = Release|Any CPU
		{FBCC1679-C6F0-4CD1-B99E-DC411A9011D0}.Release|Any CPU.Build.0 = Release|Any CPU
		{239BE5B6-B227-4B2E-9554-5BB87A61E4FF}.Debug|Any CPU.ActiveCfg = Debug|Any CPU
		{239BE5B6-B227-4B2E-9554-5BB87A61E4FF}.Debug|Any CPU.Build.0 = Debug|Any CPU
		{239BE5B6-B227-4B2E-9554-5BB87A61E4FF}.Release|Any CPU.ActiveCfg = Release|Any CPU
		{239BE5B6-B227-4B2E-9554-5BB87A61E4FF}.Release|Any CPU.Build.0 = Release|Any CPU
		{4AFC7AB3-A201-47D7-92CB-84F975D3FEDE}.Debug|Any CPU.ActiveCfg = Debug|Any CPU
		{4AFC7AB3-A201-47D7-92CB-84F975D3FEDE}.Debug|Any CPU.Build.0 = Debug|Any CPU
		{4AFC7AB3-A201-47D7-92CB-84F975D3FEDE}.Release|Any CPU.ActiveCfg = Release|Any CPU
		{4AFC7AB3-A201-47D7-92CB-84F975D3FEDE}.Release|Any CPU.Build.0 = Release|Any CPU
		{F9E05276-8DFB-46DC-90E0-C38B434BFDC7}.Debug|Any CPU.ActiveCfg = Debug|Any CPU
		{F9E05276-8DFB-46DC-90E0-C38B434BFDC7}.Debug|Any CPU.Build.0 = Debug|Any CPU
		{F9E05276-8DFB-46DC-90E0-C38B434BFDC7}.Release|Any CPU.ActiveCfg = Release|Any CPU
		{F9E05276-8DFB-46DC-90E0-C38B434BFDC7}.Release|Any CPU.Build.0 = Release|Any CPU
		{132C3629-F111-4FD8-AFAD-6D96D2185790}.Debug|Any CPU.ActiveCfg = Debug|Any CPU
		{132C3629-F111-4FD8-AFAD-6D96D2185790}.Debug|Any CPU.Build.0 = Debug|Any CPU
		{132C3629-F111-4FD8-AFAD-6D96D2185790}.Release|Any CPU.ActiveCfg = Release|Any CPU
		{132C3629-F111-4FD8-AFAD-6D96D2185790}.Release|Any CPU.Build.0 = Release|Any CPU
		{AA59BCB8-269B-408D-A5A5-A48EE9899393}.Debug|Any CPU.ActiveCfg = Debug|Any CPU
		{AA59BCB8-269B-408D-A5A5-A48EE9899393}.Debug|Any CPU.Build.0 = Debug|Any CPU
		{AA59BCB8-269B-408D-A5A5-A48EE9899393}.Release|Any CPU.ActiveCfg = Release|Any CPU
		{AA59BCB8-269B-408D-A5A5-A48EE9899393}.Release|Any CPU.Build.0 = Release|Any CPU
		{D20B920E-3740-4AB9-AADB-8FA8B98C80E5}.Debug|Any CPU.ActiveCfg = Debug|Any CPU
		{D20B920E-3740-4AB9-AADB-8FA8B98C80E5}.Debug|Any CPU.Build.0 = Debug|Any CPU
		{D20B920E-3740-4AB9-AADB-8FA8B98C80E5}.Release|Any CPU.ActiveCfg = Release|Any CPU
		{D20B920E-3740-4AB9-AADB-8FA8B98C80E5}.Release|Any CPU.Build.0 = Release|Any CPU
		{43C517DE-EA05-4AC0-9FDE-84B3AB0EA8C7}.Debug|Any CPU.ActiveCfg = Debug|Any CPU
		{43C517DE-EA05-4AC0-9FDE-84B3AB0EA8C7}.Debug|Any CPU.Build.0 = Debug|Any CPU
		{43C517DE-EA05-4AC0-9FDE-84B3AB0EA8C7}.Release|Any CPU.ActiveCfg = Release|Any CPU
		{43C517DE-EA05-4AC0-9FDE-84B3AB0EA8C7}.Release|Any CPU.Build.0 = Release|Any CPU
		{9B15B8D3-C096-47D0-80E7-84948D3AA466}.Debug|Any CPU.ActiveCfg = Debug|Any CPU
		{9B15B8D3-C096-47D0-80E7-84948D3AA466}.Debug|Any CPU.Build.0 = Debug|Any CPU
		{9B15B8D3-C096-47D0-80E7-84948D3AA466}.Release|Any CPU.ActiveCfg = Release|Any CPU
		{9B15B8D3-C096-47D0-80E7-84948D3AA466}.Release|Any CPU.Build.0 = Release|Any CPU
		{923B1842-66E3-4B3C-9AA1-44C6B4FB883D}.Debug|Any CPU.ActiveCfg = Debug|Any CPU
		{923B1842-66E3-4B3C-9AA1-44C6B4FB883D}.Debug|Any CPU.Build.0 = Debug|Any CPU
		{923B1842-66E3-4B3C-9AA1-44C6B4FB883D}.Release|Any CPU.ActiveCfg = Release|Any CPU
		{923B1842-66E3-4B3C-9AA1-44C6B4FB883D}.Release|Any CPU.Build.0 = Release|Any CPU
		{D9A544D2-D4C3-47EB-8CE4-AFB0347981A9}.Debug|Any CPU.ActiveCfg = Debug|Any CPU
		{D9A544D2-D4C3-47EB-8CE4-AFB0347981A9}.Debug|Any CPU.Build.0 = Debug|Any CPU
		{D9A544D2-D4C3-47EB-8CE4-AFB0347981A9}.Release|Any CPU.ActiveCfg = Release|Any CPU
		{D9A544D2-D4C3-47EB-8CE4-AFB0347981A9}.Release|Any CPU.Build.0 = Release|Any CPU
		{9A6BFB5C-CD5D-43F4-B1B7-B783A054D20D}.Debug|Any CPU.ActiveCfg = Debug|Any CPU
		{9A6BFB5C-CD5D-43F4-B1B7-B783A054D20D}.Debug|Any CPU.Build.0 = Debug|Any CPU
		{9A6BFB5C-CD5D-43F4-B1B7-B783A054D20D}.Release|Any CPU.ActiveCfg = Release|Any CPU
		{9A6BFB5C-CD5D-43F4-B1B7-B783A054D20D}.Release|Any CPU.Build.0 = Release|Any CPU
	EndGlobalSection
EndGlobal
